<?xml version="1.0" encoding="UTF-8" standalone="yes" ?>
<CodeBlocks_project_file>
	<FileVersion major="1" minor="6" />
	<Project>
		<Option title="ecg" />
		<Option pch_mode="2" />
		<Option compiler="gcc" />
		<Build>
			<Target title="Debug">
				<Option output="bin/Debug/ecg" prefix_auto="1" extension_auto="1" />
				<Option object_output="obj/Debug/" />
				<Option type="1" />
				<Option compiler="gcc" />
				<Compiler>
					<Add option="-g" />
					<Add option="-DDEBUG" />
				</Compiler>
			</Target>
			<Target title="Release">
				<Option output="bin/Release/ecg" prefix_auto="1" extension_auto="1" />
				<Option object_output="obj/Release/" />
				<Option type="1" />
				<Option compiler="gcc" />
				<Option use_console_runner="0" />
				<Compiler>
					<Add option="-O2" />
					<Add option="-DRELEASE" />
				</Compiler>
			</Target>
		</Build>
		<Compiler>
			<Add option="-march=core2" />
			<Add option="-Wshadow" />
			<Add option="-Winit-self" />
			<Add option="-Wredundant-decls" />
			<Add option="-Wcast-align" />
			<Add option="-Wundef" />
			<Add option="-Wfloat-equal" />
			<Add option="-Winline" />
			<Add option="-Wunreachable-code" />
			<Add option="-Wmissing-declarations" />
			<Add option="-Wmissing-include-dirs" />
			<Add option="-Wswitch-enum" />
			<Add option="-Wswitch-default" />
			<Add option="-Wmain" />
			<Add option="-pedantic-errors" />
			<Add option="-pedantic" />
			<Add option="-w" />
			<Add option="-Wfatal-errors" />
			<Add directory="renderer/include" />
			<Add directory="media/include" />
			<Add directory="passes/include" />
			<Add directory="dependencies/libpng-1.5.4/include" />
			<Add directory="dependencies/libpng-1.5.4/config" />
			<Add directory="dependencies/zlib-1.2.3/include" />
			<Add directory="dependencies/sse_mathfun" />
			<Add directory="mesh/include" />
			<Add directory="math/include" />
			<Add directory="primitive_geometry/include" />
			<Add directory="input/include" />
			<Add directory="utilities/include" />
			<Add directory="../common/test" />
			<Add directory="dependencies/pthread" />
			<Add directory="framework/include" />
			<Add directory="common/include" />
			<Add directory="gui/include" />
			<Add directory="vlang/include" />
			<Add directory="dependencies/mxml-2.7" />
			<Add directory="dependencies/mxml-2.7/vcnet" />
			<Add directory="resource/include" />
			<Add directory="dependencies/pugi-1.0" />
			<Add directory="sprite/include" />
			<Add directory="dependencies/freetype-2.4.10/include" />
			<Add directory="dependencies/dinput/include" />
		</Compiler>
		<Linker>
			<Add library="opengl32" />
			<Add library="glu32" />
			<Add library="gdi32" />
			<Add library="dependencies\glew-1.5.8\bin\glew32.dll" />
			<Add library="dependencies\libpng-1.5.4\lib\libpng.dll.a" />
			<Add library="input\bin\Debug\libinput_win32.dll.a" />
			<Add library="dependencies\pthread\libpthreadGC2.a" />
			<Add library="dependencies\dinput\lib\dinput8.lib" />
			<Add library="dependencies\dinput\lib\dxgi.lib" />
			<Add library="dependencies\dinput\lib\dxguid.lib" />
			<Add library="dependencies\freetype-2.4.10\lib\libfreetype.a" />
		</Linker>
		<Unit filename="client/src/main.cpp" />
		<Unit filename="common/include/array.h" />
		<Unit filename="common/include/common.h" />
		<Unit filename="common/include/comparison_algorithm.h" />
		<Unit filename="common/include/container.h" />
		<Unit filename="common/include/eassert.h" />
		<Unit filename="common/include/elog.h" />
		<Unit filename="common/include/emem.h" />
		<Unit filename="common/include/emem.hpp" />
		<Unit filename="common/include/emem2.h" />
		<Unit filename="common/include/estring.h" />
		<Unit filename="common/include/etypes.h" />
		<Unit filename="common/include/exception.h" />
		<Unit filename="common/include/gc_test.h" />
		<Unit filename="common/include/golden_cudgel.h" />
		<Unit filename="common/include/hash.h" />
		<Unit filename="common/include/list.h" />
		<Unit filename="common/include/list_base.h" />
		<Unit filename="common/include/map.hpp" />
		<Unit filename="common/include/parser.h" />
		<Unit filename="common/include/path.h" />
		<Unit filename="common/include/pch.h" />
		<Unit filename="common/include/resource_node.h" />
		<Unit filename="common/include/rtti.hpp" />
		<Unit filename="common/include/rwbuffer.h" />
		<Unit filename="common/include/smart_ptr.hpp" />
		<Unit filename="common/include/stack.h" />
		<Unit filename="common/include/timer.h" />
		<Unit filename="common/include/tree.h" />
		<Unit filename="common/include/xhn_hash_set.hpp" />
		<Unit filename="common/include/xhn_iterator.hpp" />
		<Unit filename="common/include/xhn_list.hpp" />
		<Unit filename="common/include/xhn_lock.hpp" />
		<Unit filename="common/include/xhn_map.hpp" />
		<Unit filename="common/include/xhn_pair.hpp" />
		<Unit filename="common/include/xhn_rbtree.hpp" />
		<Unit filename="common/include/xhn_set.hpp" />
		<Unit filename="common/include/xhn_static_string.hpp" />
		<Unit filename="common/include/xhn_string.hpp" />
		<Unit filename="common/include/xhn_string_base.hpp" />
		<Unit filename="common/include/xhn_test.hpp" />
		<Unit filename="common/include/xhn_utility.hpp" />
		<Unit filename="common/include/xhn_vector.hpp" />
		<Unit filename="common/include/xhn_void_vector.hpp" />
		<Unit filename="common/src/eassert.cpp" />
		<Unit filename="common/src/elog.cpp" />
		<Unit filename="common/src/emem.cpp" />
		<Unit filename="common/src/emem2.cpp" />
		<Unit filename="common/src/estring.cpp" />
		<Unit filename="common/src/exception.cpp" />
		<Unit filename="common/src/gc_test.cpp" />
		<Unit filename="common/src/golden_cudgel.cpp" />
		<Unit filename="common/src/hash.cpp" />
		<Unit filename="common/src/list.cpp" />
		<Unit filename="common/src/path.cpp" />
		<Unit filename="common/src/pch.cpp" />
		<Unit filename="common/src/resource_node.cpp" />
		<Unit filename="common/src/rtti.cpp" />
		<Unit filename="common/src/rwbuffer.cpp" />
		<Unit filename="common/src/stack.cpp" />
		<Unit filename="common/src/tree.cpp" />
		<Unit filename="common/src/xhn_static_string.cpp" />
		<Unit filename="common/src/xhn_test.cpp" />
		<Unit filename="dependencies/pugi-1.0/pugiconfig.hpp" />
		<Unit filename="dependencies/pugi-1.0/pugixml.cpp" />
		<Unit filename="dependencies/pugi-1.0/pugixml.hpp" />
		<Unit filename="framework/include/animation.hpp" />
		<Unit filename="framework/include/render_robot.h" />
		<Unit filename="framework/include/robot.h" />
		<Unit filename="framework/src/animation.cpp" />
		<Unit filename="framework/src/render_robot.cpp" />
		<Unit filename="framework/src/robot.cpp" />
		<Unit filename="framework/src/robot_thread.cpp" />
		<Unit filename="gui/include/gui_button.h" />
		<Unit filename="gui/include/gui_cursor.h" />
		<Unit filename="gui/include/gui_material.h" />
		<Unit filename="gui/include/gui_panel.h" />
		<Unit filename="gui/include/gui_pch.h" />
		<Unit filename="gui/src/gui_button.cpp" />
		<Unit filename="gui/src/gui_cursor.cpp" />
		<Unit filename="gui/src/gui_material.cpp" />
		<Unit filename="gui/src/gui_panel.cpp" />
		<Unit filename="gui/src/gui_pch.cpp" />
		<Unit filename="input/include/input_system.h" />
		<Unit filename="input/include/input_win32.h" />
		<Unit filename="input/src/input_system.cpp" />
		<Unit filename="input/src/input_win32.cpp" />
		<Unit filename="math/include/float_base.h" />
		<Unit filename="math/include/math_base.h" />
		<Unit filename="math/include/matrix4x4.h" />
		<Unit filename="math/include/octree.h" />
		<Unit filename="math/include/plane.h" />
		<Unit filename="math/include/ray.h" />
		<Unit filename="math/include/sfloat3.h" />
		<Unit filename="math/include/sfloat4.h" />
		<Unit filename="math/include/sphere.h" />
		<Unit filename="math/include/triangle.h" />
		<Unit filename="math/src/cone.cpp" />
		<Unit filename="math/src/float2.cpp" />
		<Unit filename="math/src/float3.cpp" />
		<Unit filename="math/src/float4.cpp" />
		<Unit filename="math/src/float_base.cpp" />
		<Unit filename="math/src/matrix4x3.cpp" />
		<Unit filename="math/src/matrix4x4.cpp" />
		<Unit filename="math/src/octree.cpp" />
		<Unit filename="math/src/plane.cpp" />
		<Unit filename="math/src/ray.cpp" />
		<Unit filename="math/src/triangle.cpp" />
		<Unit filename="media/include/image.h" />
		<Unit filename="media/include/png_load.h" />
		<Unit filename="media/src/image.cpp" />
		<Unit filename="media/src/png_load.cpp" />
		<Unit filename="mesh/include/collada_loader.h" />
		<Unit filename="mesh/include/mesh.h" />
		<Unit filename="mesh/include/mesh_base.h" />
		<Unit filename="mesh/include/mesh_edge.h" />
		<Unit filename="mesh/include/mesh_triangle.h" />
		<Unit filename="mesh/include/version_0004_data.h" />
		<Unit filename="mesh/include/version_0005_data.h" />
		<Unit filename="mesh/include/version_0006_data.h" />
		<Unit filename="mesh/include/version_0007_data.h" />
		<Unit filename="mesh/src/collada_loader.cpp" />
		<Unit filename="mesh/src/mesh.cpp" />
		<Unit filename="mesh/src/mesh_edge.cpp" />
		<Unit filename="mesh/src/mesh_triangle.cpp" />
		<Unit filename="mesh/src/version_0004_data.cpp" />
		<Unit filename="mesh/src/version_0005_data.cpp" />
		<Unit filename="mesh/src/version_0006_data.cpp" />
		<Unit filename="mesh/src/version_0007_data.cpp" />
		<Unit filename="passes/include/clear_sketchbook_pass.h" />
		<Unit filename="passes/include/display_pass.h" />
		<Unit filename="passes/include/lighting.h" />
		<Unit filename="passes/include/lighting_model.h" />
		<Unit filename="passes/include/lighting_pass.h" />
		<Unit filename="passes/include/shader_log.h" />
		<Unit filename="passes/include/shadow_emitter.h" />
		<Unit filename="passes/include/std_pass.h" />
		<Unit filename="passes/src/clear_sketchbook_pass.cpp" />
		<Unit filename="passes/src/display_pass.cpp" />
		<Unit filename="passes/src/lighting.cpp" />
		<Unit filename="passes/src/lighting_model.cpp" />
		<Unit filename="passes/src/lighting_pass.cpp" />
		<Unit filename="passes/src/shader_log.cpp" />
		<Unit filename="passes/src/shadow_emitter.cpp" />
		<Unit filename="passes/src/std_pass.cpp" />
		<Unit filename="primitive_geometry/include/cylinder.h" />
		<Unit filename="primitive_geometry/include/locator.h" />
		<Unit filename="primitive_geometry/include/plane_mesh.h" />
		<Unit filename="primitive_geometry/src/cylinder.cpp" />
		<Unit filename="primitive_geometry/src/locator.cpp" />
		<Unit filename="primitive_geometry/src/plane_mesh.cpp" />
		<Unit filename="renderer/include/branch_node.h" />
		<Unit filename="renderer/include/camera.h" />
		<Unit filename="renderer/include/circuit_board.h" />
		<Unit filename="renderer/include/color.h" />
		<Unit filename="renderer/include/gl_utility.h" />
		<Unit filename="renderer/include/index_buffer.h" />
		<Unit filename="renderer/include/material_instance.h" />
		<Unit filename="renderer/include/material_prototype.h" />
		<Unit filename="renderer/include/pass.h" />
		<Unit filename="renderer/include/pass_console.h" />
		<Unit filename="renderer/include/pass_declaration.h" />
		<Unit filename="renderer/include/pixel_shader_buffer.h" />
		<Unit filename="renderer/include/render_stage.h" />
		<Unit filename="renderer/include/render_system.h" />
		<Unit filename="renderer/include/renderable.h" />
		<Unit filename="renderer/include/renderable_base.h" />
		<Unit filename="renderer/include/renderer.h" />
		<Unit filename="renderer/include/renderer_param_procs.h" />
		<Unit filename="renderer/include/shader.h" />
		<Unit filename="renderer/include/shader_buffer.h" />
		<Unit filename="renderer/include/shader_node.h" />
		<Unit filename="renderer/include/shader_node_base.h" />
		<Unit filename="renderer/include/shader_node_generator.h" />
		<Unit filename="renderer/include/shader_object.h" />
		<Unit filename="renderer/include/shader_object_table.h" />
		<Unit filename="renderer/include/shader_test.h" />
		<Unit filename="renderer/include/sketch.h" />
		<Unit filename="renderer/include/switch_node.h" />
		<Unit filename="renderer/include/texture1d.h" />
		<Unit filename="renderer/include/texture2d.h" />
		<Unit filename="renderer/include/texture2d_array.h" />
		<Unit filename="renderer/include/texture_cube.h" />
		<Unit filename="renderer/include/vertex_buffer.h" />
		<Unit filename="renderer/include/vertex_declaration.h" />
		<Unit filename="renderer/include/vertex_element.h" />
		<Unit filename="renderer/include/vertex_shader_buffer.h" />
		<Unit filename="renderer/include/viewport.h" />
		<Unit filename="renderer/src/branch_node.cpp" />
		<Unit filename="renderer/src/camera.cpp" />
		<Unit filename="renderer/src/circuit_board.cpp" />
		<Unit filename="renderer/src/color.cpp" />
		<Unit filename="renderer/src/gl_utility.cpp" />
		<Unit filename="renderer/src/index_buffer.cpp" />
		<Unit filename="renderer/src/material_instance.cpp" />
		<Unit filename="renderer/src/material_prototype.cpp" />
		<Unit filename="renderer/src/pass.cpp" />
		<Unit filename="renderer/src/pass_console.cpp" />
		<Unit filename="renderer/src/pass_declaration.cpp" />
		<Unit filename="renderer/src/pixel_shader_buffer.cpp" />
		<Unit filename="renderer/src/render_stage.cpp" />
		<Unit filename="renderer/src/render_system.cpp" />
		<Unit filename="renderer/src/renderable.cpp" />
		<Unit filename="renderer/src/renderer.cpp" />
		<Unit filename="renderer/src/renderer_base.cpp" />
		<Unit filename="renderer/src/shader.cpp" />
		<Unit filename="renderer/src/shader_buffer.cpp" />
		<Unit filename="renderer/src/shader_node.cpp" />
		<Unit filename="renderer/src/shader_node_base.cpp" />
		<Unit filename="renderer/src/shader_node_generator.cpp" />
		<Unit filename="renderer/src/shader_object.cpp" />
		<Unit filename="renderer/src/shader_object_table.cpp" />
		<Unit filename="renderer/src/shadow_renderer.cpp" />
		<Unit filename="renderer/src/sketch.cpp" />
		<Unit filename="renderer/src/switch_node.cpp" />
		<Unit filename="renderer/src/texture1d.cpp" />
		<Unit filename="renderer/src/texture2d.cpp" />
		<Unit filename="renderer/src/texture2d_array.cpp" />
		<Unit filename="renderer/src/texture_cube.cpp" />
		<Unit filename="renderer/src/vertex_buffer.cpp" />
		<Unit filename="renderer/src/vertex_declaration.cpp" />
		<Unit filename="renderer/src/vertex_element.cpp" />
		<Unit filename="renderer/src/vertex_shader_buffer.cpp" />
		<Unit filename="renderer/src/viewport.cpp" />
		<Unit filename="resource/include/resource.h" />
		<Unit filename="resource/include/resource_group.h" />
		<Unit filename="resource/include/texture2d_resource.h" />
		<Unit filename="resource/include/xml_resource.h" />
		<Unit filename="resource/src/resource.cpp" />
		<Unit filename="resource/src/resource_group.cpp" />
		<Unit filename="resource/src/texture2d_resource.cpp" />
		<Unit filename="resource/src/xml_resource.cpp" />
		<Unit filename="sprite/include/font_renderer.h" />
		<Unit filename="sprite/include/sprite.h" />
		<Unit filename="sprite/include/sprite_event.h" />
		<Unit filename="sprite/include/sprite_event_hub.h" />
		<Unit filename="sprite/include/sprite_factory.h" />
		<Unit filename="sprite/include/sprite_geom_buffer.h" />
		<Unit filename="sprite/include/sprite_pch.h" />
		<Unit filename="sprite/include/sprite_renderer.h" />
		<Unit filename="sprite/src/font_renderer.cpp" />
		<Unit filename="sprite/src/sprite.cpp" />
		<Unit filename="sprite/src/sprite_event.cpp" />
		<Unit filename="sprite/src/sprite_event_hub.cpp" />
		<Unit filename="sprite/src/sprite_factory.cpp" />
		<Unit filename="sprite/src/sprite_geom_buffer.cpp" />
		<Unit filename="sprite/src/sprite_pch.cpp" />
		<Unit filename="sprite/src/sprite_renderer.cpp" />
		<Unit filename="utilities/include/camera_utility.h" />
		<Unit filename="utilities/include/line_utility.h" />
		<Unit filename="utilities/include/texture_utility.h" />
		<Unit filename="utilities/src/camera_utility.cpp" />
		<Unit filename="utilities/src/line_utility.cpp" />
		<Unit filename="utilities/src/texture_utility.cpp" />
		<Unit filename="vlang/include/float_op_float.h" />
		<Unit filename="vlang/include/float_op_int.h" />
		<Unit filename="vlang/include/function_call.h" />
		<Unit filename="vlang/include/function_print.h" />
		<Unit filename="vlang/include/int_op_float.h" />
		<Unit filename="vlang/include/int_op_int.h" />
		<Unit filename="vlang/include/jump.h" />
		<Unit filename="vlang/include/parser_env.h" />
		<Unit filename="vlang/include/print.h" />
		<Unit filename="vlang/include/proc.h" />
		<Unit filename="vlang/include/single_op_single.h" />
		<Unit filename="vlang/include/symbol_stack.h" />
		<Unit filename="vlang/include/test.tab.h" />
		<Unit filename="vlang/include/vlang.h" />
		<Unit filename="vlang/include/vlang_test.h" />
		<Unit filename="vlang/src/float_op_float.cpp" />
		<Unit filename="vlang/src/float_op_int.cpp" />
		<Unit filename="vlang/src/function_call.cpp" />
		<Unit filename="vlang/src/function_print.cpp" />
		<Unit filename="vlang/src/int_op_float.cpp" />
		<Unit filename="vlang/src/int_op_int.cpp" />
		<Unit filename="vlang/src/jump.cpp" />
		<Unit filename="vlang/src/lex.cpp" />
		<Unit filename="vlang/src/parser_env.cpp" />
		<Unit filename="vlang/src/print.cpp" />
		<Unit filename="vlang/src/proc.cpp" />
		<Unit filename="vlang/src/single_op_single.cpp" />
		<Unit filename="vlang/src/symbol_stack.cpp" />
		<Unit filename="vlang/src/test.tab.cpp" />
		<Unit filename="vlang/src/vlang.cpp" />
		<Unit filename="vlang/src/vlang_test.cpp" />
		<Extensions>
			<code_completion />
			<debugger />
			<envvars />
			<DoxyBlocks>
				<comment_style block="0" line="0" />
				<doxyfile_project />
				<doxyfile_build />
				<doxyfile_warnings />
				<doxyfile_output />
				<doxyfile_dot />
				<general />
			</DoxyBlocks>
		</Extensions>
	</Project>
</CodeBlocks_project_file>
