// !$*UTF8*$!
{
	archiveVersion = 1;
	classes = {
	};
	objectVersion = 46;
	objects = {

/* Begin PBXBuildFile section */
		68423C91172C16830087B5F4 /* ftconfig.h in Headers */ = {isa = PBXBuildFile; fileRef = 68423A84172C16830087B5F4 /* ftconfig.h */; };
		68423C92172C16830087B5F4 /* ftheader.h in Headers */ = {isa = PBXBuildFile; fileRef = 68423A85172C16830087B5F4 /* ftheader.h */; };
		68423C93172C16830087B5F4 /* ftmodule.h in Headers */ = {isa = PBXBuildFile; fileRef = 68423A86172C16830087B5F4 /* ftmodule.h */; };
		68423C94172C16830087B5F4 /* ftoption.h in Headers */ = {isa = PBXBuildFile; fileRef = 68423A87172C16830087B5F4 /* ftoption.h */; };
		68423C95172C16830087B5F4 /* ftstdlib.h in Headers */ = {isa = PBXBuildFile; fileRef = 68423A88172C16830087B5F4 /* ftstdlib.h */; };
		68423C96172C16830087B5F4 /* freetype.h in Headers */ = {isa = PBXBuildFile; fileRef = 68423A89172C16830087B5F4 /* freetype.h */; };
		68423C97172C16830087B5F4 /* ftadvanc.h in Headers */ = {isa = PBXBuildFile; fileRef = 68423A8A172C16830087B5F4 /* ftadvanc.h */; };
		68423C98172C16830087B5F4 /* ftbbox.h in Headers */ = {isa = PBXBuildFile; fileRef = 68423A8B172C16830087B5F4 /* ftbbox.h */; };
		68423C99172C16830087B5F4 /* ftbdf.h in Headers */ = {isa = PBXBuildFile; fileRef = 68423A8C172C16830087B5F4 /* ftbdf.h */; };
		68423C9A172C16830087B5F4 /* ftbitmap.h in Headers */ = {isa = PBXBuildFile; fileRef = 68423A8D172C16830087B5F4 /* ftbitmap.h */; };
		68423C9B172C16830087B5F4 /* ftbzip2.h in Headers */ = {isa = PBXBuildFile; fileRef = 68423A8E172C16830087B5F4 /* ftbzip2.h */; };
		68423C9C172C16830087B5F4 /* ftcache.h in Headers */ = {isa = PBXBuildFile; fileRef = 68423A8F172C16830087B5F4 /* ftcache.h */; };
		68423C9D172C16830087B5F4 /* ftchapters.h in Headers */ = {isa = PBXBuildFile; fileRef = 68423A90172C16830087B5F4 /* ftchapters.h */; };
		68423C9E172C16830087B5F4 /* ftcid.h in Headers */ = {isa = PBXBuildFile; fileRef = 68423A91172C16830087B5F4 /* ftcid.h */; };
		68423C9F172C16830087B5F4 /* fterrdef.h in Headers */ = {isa = PBXBuildFile; fileRef = 68423A92172C16830087B5F4 /* fterrdef.h */; };
		68423CA0172C16830087B5F4 /* fterrors.h in Headers */ = {isa = PBXBuildFile; fileRef = 68423A93172C16830087B5F4 /* fterrors.h */; };
		68423CA1172C16830087B5F4 /* ftgasp.h in Headers */ = {isa = PBXBuildFile; fileRef = 68423A94172C16830087B5F4 /* ftgasp.h */; };
		68423CA2172C16830087B5F4 /* ftglyph.h in Headers */ = {isa = PBXBuildFile; fileRef = 68423A95172C16830087B5F4 /* ftglyph.h */; };
		68423CA3172C16830087B5F4 /* ftgxval.h in Headers */ = {isa = PBXBuildFile; fileRef = 68423A96172C16830087B5F4 /* ftgxval.h */; };
		68423CA4172C16830087B5F4 /* ftgzip.h in Headers */ = {isa = PBXBuildFile; fileRef = 68423A97172C16830087B5F4 /* ftgzip.h */; };
		68423CA5172C16830087B5F4 /* ftimage.h in Headers */ = {isa = PBXBuildFile; fileRef = 68423A98172C16830087B5F4 /* ftimage.h */; };
		68423CA6172C16830087B5F4 /* ftincrem.h in Headers */ = {isa = PBXBuildFile; fileRef = 68423A99172C16830087B5F4 /* ftincrem.h */; };
		68423CA7172C16830087B5F4 /* ftlcdfil.h in Headers */ = {isa = PBXBuildFile; fileRef = 68423A9A172C16830087B5F4 /* ftlcdfil.h */; };
		68423CA8172C16830087B5F4 /* ftlist.h in Headers */ = {isa = PBXBuildFile; fileRef = 68423A9B172C16830087B5F4 /* ftlist.h */; };
		68423CA9172C16830087B5F4 /* ftlzw.h in Headers */ = {isa = PBXBuildFile; fileRef = 68423A9C172C16830087B5F4 /* ftlzw.h */; };
		68423CAA172C16830087B5F4 /* ftmac.h in Headers */ = {isa = PBXBuildFile; fileRef = 68423A9D172C16830087B5F4 /* ftmac.h */; };
		68423CAB172C16830087B5F4 /* ftmm.h in Headers */ = {isa = PBXBuildFile; fileRef = 68423A9E172C16830087B5F4 /* ftmm.h */; };
		68423CAC172C16830087B5F4 /* ftmodapi.h in Headers */ = {isa = PBXBuildFile; fileRef = 68423A9F172C16830087B5F4 /* ftmodapi.h */; };
		68423CAD172C16830087B5F4 /* ftmoderr.h in Headers */ = {isa = PBXBuildFile; fileRef = 68423AA0172C16830087B5F4 /* ftmoderr.h */; };
		68423CAE172C16830087B5F4 /* ftotval.h in Headers */ = {isa = PBXBuildFile; fileRef = 68423AA1172C16830087B5F4 /* ftotval.h */; };
		68423CAF172C16830087B5F4 /* ftoutln.h in Headers */ = {isa = PBXBuildFile; fileRef = 68423AA2172C16830087B5F4 /* ftoutln.h */; };
		68423CB0172C16830087B5F4 /* ftpfr.h in Headers */ = {isa = PBXBuildFile; fileRef = 68423AA3172C16830087B5F4 /* ftpfr.h */; };
		68423CB1172C16830087B5F4 /* ftrender.h in Headers */ = {isa = PBXBuildFile; fileRef = 68423AA4172C16830087B5F4 /* ftrender.h */; };
		68423CB2172C16830087B5F4 /* ftsizes.h in Headers */ = {isa = PBXBuildFile; fileRef = 68423AA5172C16830087B5F4 /* ftsizes.h */; };
		68423CB3172C16830087B5F4 /* ftsnames.h in Headers */ = {isa = PBXBuildFile; fileRef = 68423AA6172C16830087B5F4 /* ftsnames.h */; };
		68423CB4172C16830087B5F4 /* ftstroke.h in Headers */ = {isa = PBXBuildFile; fileRef = 68423AA7172C16830087B5F4 /* ftstroke.h */; };
		68423CB5172C16830087B5F4 /* ftsynth.h in Headers */ = {isa = PBXBuildFile; fileRef = 68423AA8172C16830087B5F4 /* ftsynth.h */; };
		68423CB6172C16830087B5F4 /* ftsystem.h in Headers */ = {isa = PBXBuildFile; fileRef = 68423AA9172C16830087B5F4 /* ftsystem.h */; };
		68423CB7172C16830087B5F4 /* fttrigon.h in Headers */ = {isa = PBXBuildFile; fileRef = 68423AAA172C16830087B5F4 /* fttrigon.h */; };
		68423CB8172C16830087B5F4 /* fttypes.h in Headers */ = {isa = PBXBuildFile; fileRef = 68423AAB172C16830087B5F4 /* fttypes.h */; };
		68423CB9172C16830087B5F4 /* ftwinfnt.h in Headers */ = {isa = PBXBuildFile; fileRef = 68423AAC172C16830087B5F4 /* ftwinfnt.h */; };
		68423CBA172C16830087B5F4 /* ftxf86.h in Headers */ = {isa = PBXBuildFile; fileRef = 68423AAD172C16830087B5F4 /* ftxf86.h */; };
		68423CBB172C16830087B5F4 /* autohint.h in Headers */ = {isa = PBXBuildFile; fileRef = 68423AAF172C16830087B5F4 /* autohint.h */; };
		68423CBC172C16830087B5F4 /* ftcalc.h in Headers */ = {isa = PBXBuildFile; fileRef = 68423AB0172C16830087B5F4 /* ftcalc.h */; };
		68423CBD172C16830087B5F4 /* ftdebug.h in Headers */ = {isa = PBXBuildFile; fileRef = 68423AB1172C16830087B5F4 /* ftdebug.h */; };
		68423CBE172C16830087B5F4 /* ftdriver.h in Headers */ = {isa = PBXBuildFile; fileRef = 68423AB2172C16830087B5F4 /* ftdriver.h */; };
		68423CBF172C16830087B5F4 /* ftgloadr.h in Headers */ = {isa = PBXBuildFile; fileRef = 68423AB3172C16830087B5F4 /* ftgloadr.h */; };
		68423CC0172C16830087B5F4 /* ftmemory.h in Headers */ = {isa = PBXBuildFile; fileRef = 68423AB4172C16830087B5F4 /* ftmemory.h */; };
		68423CC1172C16830087B5F4 /* ftobjs.h in Headers */ = {isa = PBXBuildFile; fileRef = 68423AB5172C16830087B5F4 /* ftobjs.h */; };
		68423CC2172C16830087B5F4 /* ftpic.h in Headers */ = {isa = PBXBuildFile; fileRef = 68423AB6172C16830087B5F4 /* ftpic.h */; };
		68423CC3172C16830087B5F4 /* ftrfork.h in Headers */ = {isa = PBXBuildFile; fileRef = 68423AB7172C16830087B5F4 /* ftrfork.h */; };
		68423CC4172C16830087B5F4 /* ftserv.h in Headers */ = {isa = PBXBuildFile; fileRef = 68423AB8172C16830087B5F4 /* ftserv.h */; };
		68423CC5172C16830087B5F4 /* ftstream.h in Headers */ = {isa = PBXBuildFile; fileRef = 68423AB9172C16830087B5F4 /* ftstream.h */; };
		68423CC6172C16830087B5F4 /* fttrace.h in Headers */ = {isa = PBXBuildFile; fileRef = 68423ABA172C16830087B5F4 /* fttrace.h */; };
		68423CC7172C16830087B5F4 /* ftvalid.h in Headers */ = {isa = PBXBuildFile; fileRef = 68423ABB172C16830087B5F4 /* ftvalid.h */; };
		68423CC8172C16830087B5F4 /* internal.h in Headers */ = {isa = PBXBuildFile; fileRef = 68423ABC172C16830087B5F4 /* internal.h */; };
		68423CC9172C16830087B5F4 /* psaux.h in Headers */ = {isa = PBXBuildFile; fileRef = 68423ABD172C16830087B5F4 /* psaux.h */; };
		68423CCA172C16830087B5F4 /* pshints.h in Headers */ = {isa = PBXBuildFile; fileRef = 68423ABE172C16830087B5F4 /* pshints.h */; };
		68423CCB172C16830087B5F4 /* svbdf.h in Headers */ = {isa = PBXBuildFile; fileRef = 68423AC0172C16830087B5F4 /* svbdf.h */; };
		68423CCC172C16830087B5F4 /* svcid.h in Headers */ = {isa = PBXBuildFile; fileRef = 68423AC1172C16830087B5F4 /* svcid.h */; };
		68423CCD172C16830087B5F4 /* svgldict.h in Headers */ = {isa = PBXBuildFile; fileRef = 68423AC2172C16830087B5F4 /* svgldict.h */; };
		68423CCE172C16830087B5F4 /* svgxval.h in Headers */ = {isa = PBXBuildFile; fileRef = 68423AC3172C16830087B5F4 /* svgxval.h */; };
		68423CCF172C16830087B5F4 /* svkern.h in Headers */ = {isa = PBXBuildFile; fileRef = 68423AC4172C16830087B5F4 /* svkern.h */; };
		68423CD0172C16830087B5F4 /* svmm.h in Headers */ = {isa = PBXBuildFile; fileRef = 68423AC5172C16830087B5F4 /* svmm.h */; };
		68423CD1172C16830087B5F4 /* svotval.h in Headers */ = {isa = PBXBuildFile; fileRef = 68423AC6172C16830087B5F4 /* svotval.h */; };
		68423CD2172C16830087B5F4 /* svpfr.h in Headers */ = {isa = PBXBuildFile; fileRef = 68423AC7172C16830087B5F4 /* svpfr.h */; };
		68423CD3172C16830087B5F4 /* svpostnm.h in Headers */ = {isa = PBXBuildFile; fileRef = 68423AC8172C16830087B5F4 /* svpostnm.h */; };
		68423CD4172C16830087B5F4 /* svpscmap.h in Headers */ = {isa = PBXBuildFile; fileRef = 68423AC9172C16830087B5F4 /* svpscmap.h */; };
		68423CD5172C16830087B5F4 /* svpsinfo.h in Headers */ = {isa = PBXBuildFile; fileRef = 68423ACA172C16830087B5F4 /* svpsinfo.h */; };
		68423CD6172C16830087B5F4 /* svsfnt.h in Headers */ = {isa = PBXBuildFile; fileRef = 68423ACB172C16830087B5F4 /* svsfnt.h */; };
		68423CD7172C16830087B5F4 /* svttcmap.h in Headers */ = {isa = PBXBuildFile; fileRef = 68423ACC172C16830087B5F4 /* svttcmap.h */; };
		68423CD8172C16830087B5F4 /* svtteng.h in Headers */ = {isa = PBXBuildFile; fileRef = 68423ACD172C16830087B5F4 /* svtteng.h */; };
		68423CD9172C16830087B5F4 /* svttglyf.h in Headers */ = {isa = PBXBuildFile; fileRef = 68423ACE172C16830087B5F4 /* svttglyf.h */; };
		68423CDA172C16830087B5F4 /* svwinfnt.h in Headers */ = {isa = PBXBuildFile; fileRef = 68423ACF172C16830087B5F4 /* svwinfnt.h */; };
		68423CDB172C16830087B5F4 /* svxf86nm.h in Headers */ = {isa = PBXBuildFile; fileRef = 68423AD0172C16830087B5F4 /* svxf86nm.h */; };
		68423CDC172C16830087B5F4 /* sfnt.h in Headers */ = {isa = PBXBuildFile; fileRef = 68423AD1172C16830087B5F4 /* sfnt.h */; };
		68423CDD172C16830087B5F4 /* t1types.h in Headers */ = {isa = PBXBuildFile; fileRef = 68423AD2172C16830087B5F4 /* t1types.h */; };
		68423CDE172C16830087B5F4 /* tttypes.h in Headers */ = {isa = PBXBuildFile; fileRef = 68423AD3172C16830087B5F4 /* tttypes.h */; };
		68423CDF172C16830087B5F4 /* t1tables.h in Headers */ = {isa = PBXBuildFile; fileRef = 68423AD4172C16830087B5F4 /* t1tables.h */; };
		68423CE0172C16830087B5F4 /* ttnameid.h in Headers */ = {isa = PBXBuildFile; fileRef = 68423AD5172C16830087B5F4 /* ttnameid.h */; };
		68423CE1172C16830087B5F4 /* tttables.h in Headers */ = {isa = PBXBuildFile; fileRef = 68423AD6172C16830087B5F4 /* tttables.h */; };
		68423CE2172C16830087B5F4 /* tttags.h in Headers */ = {isa = PBXBuildFile; fileRef = 68423AD7172C16830087B5F4 /* tttags.h */; };
		68423CE3172C16830087B5F4 /* ttunpat.h in Headers */ = {isa = PBXBuildFile; fileRef = 68423AD8172C16830087B5F4 /* ttunpat.h */; };
		68423CE4172C16830087B5F4 /* ft2build.h in Headers */ = {isa = PBXBuildFile; fileRef = 68423AD9172C16830087B5F4 /* ft2build.h */; };
		68424926172C1C8A0087B5F4 /* autofit.c in Sources */ = {isa = PBXBuildFile; fileRef = 68424771172C1C890087B5F4 /* autofit.c */; };
		68424927172C1C8A0087B5F4 /* Jamfile in Sources */ = {isa = PBXBuildFile; fileRef = 68424772172C1C890087B5F4 /* Jamfile */; };
		6842492C172C1C8A0087B5F4 /* ftbase.c in Sources */ = {isa = PBXBuildFile; fileRef = 6842477A172C1C890087B5F4 /* ftbase.c */; };
		6842494F172C1C8A0087B5F4 /* Jamfile in Sources */ = {isa = PBXBuildFile; fileRef = 6842479D172C1C890087B5F4 /* Jamfile */; };
		68424950172C1C8A0087B5F4 /* bdf.c in Sources */ = {isa = PBXBuildFile; fileRef = 684247A0172C1C890087B5F4 /* bdf.c */; };
		68424951172C1C8A0087B5F4 /* bdf.h in Headers */ = {isa = PBXBuildFile; fileRef = 684247A1172C1C890087B5F4 /* bdf.h */; };
		68424956172C1C8A0087B5F4 /* Jamfile in Sources */ = {isa = PBXBuildFile; fileRef = 684247A6172C1C890087B5F4 /* Jamfile */; };
		68424957172C1C8A0087B5F4 /* ftbzip2.c in Sources */ = {isa = PBXBuildFile; fileRef = 684247AB172C1C890087B5F4 /* ftbzip2.c */; };
		68424958172C1C8A0087B5F4 /* Jamfile in Sources */ = {isa = PBXBuildFile; fileRef = 684247AC172C1C890087B5F4 /* Jamfile */; };
		68424959172C1C8A0087B5F4 /* ftcache.c in Sources */ = {isa = PBXBuildFile; fileRef = 684247AF172C1C890087B5F4 /* ftcache.c */; };
		6842496A172C1C8A0087B5F4 /* Jamfile in Sources */ = {isa = PBXBuildFile; fileRef = 684247C0172C1C890087B5F4 /* Jamfile */; };
		6842496B172C1C8A0087B5F4 /* cff.c in Sources */ = {isa = PBXBuildFile; fileRef = 684247C3172C1C890087B5F4 /* cff.c */; };
		6842497D172C1C8A0087B5F4 /* Jamfile in Sources */ = {isa = PBXBuildFile; fileRef = 684247D5172C1C890087B5F4 /* Jamfile */; };
		6842498A172C1C8A0087B5F4 /* Jamfile in Sources */ = {isa = PBXBuildFile; fileRef = 684247E5172C1C890087B5F4 /* Jamfile */; };
		6842498B172C1C8A0087B5F4 /* type1cid.c in Sources */ = {isa = PBXBuildFile; fileRef = 684247E8172C1C890087B5F4 /* type1cid.c */; };
		684249BD172C1C8A0087B5F4 /* Jamfile in Sources */ = {isa = PBXBuildFile; fileRef = 68424820172C1C8A0087B5F4 /* Jamfile */; };
		684249BE172C1C8A0087B5F4 /* ftlzw.c in Sources */ = {isa = PBXBuildFile; fileRef = 68424822172C1C8A0087B5F4 /* ftlzw.c */; };
		684249C1172C1C8A0087B5F4 /* Jamfile in Sources */ = {isa = PBXBuildFile; fileRef = 68424825172C1C8A0087B5F4 /* Jamfile */; };
		684249C2172C1C8A0087B5F4 /* Jamfile in Sources */ = {isa = PBXBuildFile; fileRef = 68424828172C1C8A0087B5F4 /* Jamfile */; };
		684249C3172C1C8A0087B5F4 /* otvalid.c in Sources */ = {isa = PBXBuildFile; fileRef = 6842482A172C1C8A0087B5F4 /* otvalid.c */; };
		684249D1172C1C8A0087B5F4 /* Jamfile in Sources */ = {isa = PBXBuildFile; fileRef = 6842483A172C1C8A0087B5F4 /* Jamfile */; };
		684249D2172C1C8A0087B5F4 /* pcf.c in Sources */ = {isa = PBXBuildFile; fileRef = 6842483C172C1C8A0087B5F4 /* pcf.c */; };
		684249DB172C1C8A0087B5F4 /* Jamfile in Sources */ = {isa = PBXBuildFile; fileRef = 68424848172C1C8A0087B5F4 /* Jamfile */; };
		684249DC172C1C8A0087B5F4 /* pfr.c in Sources */ = {isa = PBXBuildFile; fileRef = 6842484A172C1C8A0087B5F4 /* pfr.c */; };
		684249ED172C1C8A0087B5F4 /* Jamfile in Sources */ = {isa = PBXBuildFile; fileRef = 6842485D172C1C8A0087B5F4 /* Jamfile */; };
		684249EE172C1C8A0087B5F4 /* psaux.c in Sources */ = {isa = PBXBuildFile; fileRef = 6842485F172C1C8A0087B5F4 /* psaux.c */; };
		684249FA172C1C8A0087B5F4 /* Jamfile in Sources */ = {isa = PBXBuildFile; fileRef = 6842486D172C1C8A0087B5F4 /* Jamfile */; };
		684249FF172C1C8A0087B5F4 /* pshinter.c in Sources */ = {isa = PBXBuildFile; fileRef = 68424873172C1C8A0087B5F4 /* pshinter.c */; };
		68424A07172C1C8A0087B5F4 /* Jamfile in Sources */ = {isa = PBXBuildFile; fileRef = 6842487D172C1C8A0087B5F4 /* Jamfile */; };
		68424A0B172C1C8A0087B5F4 /* psnames.c in Sources */ = {isa = PBXBuildFile; fileRef = 68424882172C1C8A0087B5F4 /* psnames.c */; };
		68424A14172C1C8A0087B5F4 /* Jamfile in Sources */ = {isa = PBXBuildFile; fileRef = 6842488D172C1C8A0087B5F4 /* Jamfile */; };
		68424A15172C1C8A0087B5F4 /* raster.c in Sources */ = {isa = PBXBuildFile; fileRef = 6842488F172C1C8A0087B5F4 /* raster.c */; };
		68424A19172C1C8A0087B5F4 /* Jamfile in Sources */ = {isa = PBXBuildFile; fileRef = 68424895172C1C8A0087B5F4 /* Jamfile */; };
		68424A1D172C1C8A0087B5F4 /* sfnt.c in Sources */ = {isa = PBXBuildFile; fileRef = 6842489B172C1C8A0087B5F4 /* sfnt.c */; };
		68424A39172C1C8A0087B5F4 /* Jamfile in Sources */ = {isa = PBXBuildFile; fileRef = 684248B8172C1C8A0087B5F4 /* Jamfile */; };
		68424A3A172C1C8A0087B5F4 /* smooth.c in Sources */ = {isa = PBXBuildFile; fileRef = 684248BB172C1C8A0087B5F4 /* smooth.c */; };
		68424A42172C1C8A0087B5F4 /* Jamfile in Sources */ = {isa = PBXBuildFile; fileRef = 684248D2172C1C8A0087B5F4 /* Jamfile */; };
		68424A43172C1C8A0087B5F4 /* truetype.c in Sources */ = {isa = PBXBuildFile; fileRef = 684248D5172C1C8A0087B5F4 /* truetype.c */; };
		68424A53172C1C8A0087B5F4 /* Jamfile in Sources */ = {isa = PBXBuildFile; fileRef = 684248E6172C1C8A0087B5F4 /* Jamfile */; };
		68424A62172C1C8A0087B5F4 /* type1.c in Sources */ = {isa = PBXBuildFile; fileRef = 684248F7172C1C8A0087B5F4 /* type1.c */; };
		68424A63172C1C8A0087B5F4 /* Jamfile in Sources */ = {isa = PBXBuildFile; fileRef = 684248F9172C1C8A0087B5F4 /* Jamfile */; };
		68424A6C172C1C8A0087B5F4 /* type42.c in Sources */ = {isa = PBXBuildFile; fileRef = 68424904172C1C8A0087B5F4 /* type42.c */; };
		68424A6D172C1C8A0087B5F4 /* fnterrs.h in Headers */ = {isa = PBXBuildFile; fileRef = 68424906172C1C8A0087B5F4 /* fnterrs.h */; };
		68424A6E172C1C8A0087B5F4 /* Jamfile in Sources */ = {isa = PBXBuildFile; fileRef = 68424907172C1C8A0087B5F4 /* Jamfile */; };
		68424A6F172C1C8A0087B5F4 /* winfnt.c in Sources */ = {isa = PBXBuildFile; fileRef = 6842490A172C1C8A0087B5F4 /* winfnt.c */; };
		68424A70172C1C8A0087B5F4 /* winfnt.h in Headers */ = {isa = PBXBuildFile; fileRef = 6842490B172C1C8A0087B5F4 /* winfnt.h */; };
		68424A84172C20B90087B5F4 /* adler32.c in Sources */ = {isa = PBXBuildFile; fileRef = 68424A72172C20B90087B5F4 /* adler32.c */; };
		68424A85172C20B90087B5F4 /* ftgzip.c in Sources */ = {isa = PBXBuildFile; fileRef = 68424A73172C20B90087B5F4 /* ftgzip.c */; };
		68424A86172C20B90087B5F4 /* infblock.c in Sources */ = {isa = PBXBuildFile; fileRef = 68424A74172C20B90087B5F4 /* infblock.c */; };
		68424A87172C20B90087B5F4 /* infblock.h in Headers */ = {isa = PBXBuildFile; fileRef = 68424A75172C20B90087B5F4 /* infblock.h */; };
		68424A88172C20B90087B5F4 /* infcodes.c in Sources */ = {isa = PBXBuildFile; fileRef = 68424A76172C20B90087B5F4 /* infcodes.c */; };
		68424A89172C20B90087B5F4 /* infcodes.h in Headers */ = {isa = PBXBuildFile; fileRef = 68424A77172C20B90087B5F4 /* infcodes.h */; };
		68424A8A172C20B90087B5F4 /* inffixed.h in Headers */ = {isa = PBXBuildFile; fileRef = 68424A78172C20B90087B5F4 /* inffixed.h */; };
		68424A8B172C20B90087B5F4 /* inflate.c in Sources */ = {isa = PBXBuildFile; fileRef = 68424A79172C20B90087B5F4 /* inflate.c */; };
		68424A8C172C20B90087B5F4 /* inftrees.c in Sources */ = {isa = PBXBuildFile; fileRef = 68424A7A172C20B90087B5F4 /* inftrees.c */; };
		68424A8D172C20B90087B5F4 /* inftrees.h in Headers */ = {isa = PBXBuildFile; fileRef = 68424A7B172C20B90087B5F4 /* inftrees.h */; };
		68424A8E172C20B90087B5F4 /* infutil.c in Sources */ = {isa = PBXBuildFile; fileRef = 68424A7C172C20B90087B5F4 /* infutil.c */; };
		68424A8F172C20B90087B5F4 /* infutil.h in Headers */ = {isa = PBXBuildFile; fileRef = 68424A7D172C20B90087B5F4 /* infutil.h */; };
		68424A90172C20B90087B5F4 /* Jamfile in Sources */ = {isa = PBXBuildFile; fileRef = 68424A7E172C20B90087B5F4 /* Jamfile */; };
		68424A91172C20B90087B5F4 /* zconf.h in Headers */ = {isa = PBXBuildFile; fileRef = 68424A80172C20B90087B5F4 /* zconf.h */; };
		68424A92172C20B90087B5F4 /* zlib.h in Headers */ = {isa = PBXBuildFile; fileRef = 68424A81172C20B90087B5F4 /* zlib.h */; };
		68424A93172C20B90087B5F4 /* zutil.c in Sources */ = {isa = PBXBuildFile; fileRef = 68424A82172C20B90087B5F4 /* zutil.c */; };
		68424A94172C20B90087B5F4 /* zutil.h in Headers */ = {isa = PBXBuildFile; fileRef = 68424A83172C20B90087B5F4 /* zutil.h */; };
		68424A96172C22D50087B5F4 /* ftmac.c in Sources */ = {isa = PBXBuildFile; fileRef = 68424A95172C22D40087B5F4 /* ftmac.c */; };
		68796B57172C28B2004FF998 /* ftapi.c in Sources */ = {isa = PBXBuildFile; fileRef = 68796B52172C28B2004FF998 /* ftapi.c */; };
		68796B58172C28B2004FF998 /* ftbase.h in Headers */ = {isa = PBXBuildFile; fileRef = 68796B53172C28B2004FF998 /* ftbase.h */; };
		68796B5A172C2944004FF998 /* ftinit.c in Sources */ = {isa = PBXBuildFile; fileRef = 68796B59172C2943004FF998 /* ftinit.c */; };
		68796B5C172C2997004FF998 /* ftsystem.c in Sources */ = {isa = PBXBuildFile; fileRef = 68796B5B172C2997004FF998 /* ftsystem.c */; };
		68796B5E172C29F5004FF998 /* ftglyph.c in Sources */ = {isa = PBXBuildFile; fileRef = 68796B5D172C29F5004FF998 /* ftglyph.c */; };
		68796B62172C2A18004FF998 /* ftbbox.c in Sources */ = {isa = PBXBuildFile; fileRef = 68796B5F172C2A18004FF998 /* ftbbox.c */; };
		68796B63172C2A18004FF998 /* ftbdf.c in Sources */ = {isa = PBXBuildFile; fileRef = 68796B60172C2A18004FF998 /* ftbdf.c */; };
		68796B64172C2A18004FF998 /* ftbitmap.c in Sources */ = {isa = PBXBuildFile; fileRef = 68796B61172C2A18004FF998 /* ftbitmap.c */; };
/* End PBXBuildFile section */

/* Begin PBXFileReference section */
		68423A84172C16830087B5F4 /* ftconfig.h */ = {isa = PBXFileReference; fileEncoding = 4; lastKnownFileType = sourcecode.c.h; path = ftconfig.h; sourceTree = "<group>"; };
		68423A85172C16830087B5F4 /* ftheader.h */ = {isa = PBXFileReference; fileEncoding = 4; lastKnownFileType = sourcecode.c.h; path = ftheader.h; sourceTree = "<group>"; };
		68423A86172C16830087B5F4 /* ftmodule.h */ = {isa = PBXFileReference; fileEncoding = 4; lastKnownFileType = sourcecode.c.h; path = ftmodule.h; sourceTree = "<group>"; };
		68423A87172C16830087B5F4 /* ftoption.h */ = {isa = PBXFileReference; fileEncoding = 4; lastKnownFileType = sourcecode.c.h; path = ftoption.h; sourceTree = "<group>"; };
		68423A88172C16830087B5F4 /* ftstdlib.h */ = {isa = PBXFileReference; fileEncoding = 4; lastKnownFileType = sourcecode.c.h; path = ftstdlib.h; sourceTree = "<group>"; };
		68423A89172C16830087B5F4 /* freetype.h */ = {isa = PBXFileReference; fileEncoding = 4; lastKnownFileType = sourcecode.c.h; path = freetype.h; sourceTree = "<group>"; };
		68423A8A172C16830087B5F4 /* ftadvanc.h */ = {isa = PBXFileReference; fileEncoding = 4; lastKnownFileType = sourcecode.c.h; path = ftadvanc.h; sourceTree = "<group>"; };
		68423A8B172C16830087B5F4 /* ftbbox.h */ = {isa = PBXFileReference; fileEncoding = 4; lastKnownFileType = sourcecode.c.h; path = ftbbox.h; sourceTree = "<group>"; };
		68423A8C172C16830087B5F4 /* ftbdf.h */ = {isa = PBXFileReference; fileEncoding = 4; lastKnownFileType = sourcecode.c.h; path = ftbdf.h; sourceTree = "<group>"; };
		68423A8D172C16830087B5F4 /* ftbitmap.h */ = {isa = PBXFileReference; fileEncoding = 4; lastKnownFileType = sourcecode.c.h; path = ftbitmap.h; sourceTree = "<group>"; };
		68423A8E172C16830087B5F4 /* ftbzip2.h */ = {isa = PBXFileReference; fileEncoding = 4; lastKnownFileType = sourcecode.c.h; path = ftbzip2.h; sourceTree = "<group>"; };
		68423A8F172C16830087B5F4 /* ftcache.h */ = {isa = PBXFileReference; fileEncoding = 4; lastKnownFileType = sourcecode.c.h; path = ftcache.h; sourceTree = "<group>"; };
		68423A90172C16830087B5F4 /* ftchapters.h */ = {isa = PBXFileReference; fileEncoding = 4; lastKnownFileType = sourcecode.c.h; path = ftchapters.h; sourceTree = "<group>"; };
		68423A91172C16830087B5F4 /* ftcid.h */ = {isa = PBXFileReference; fileEncoding = 4; lastKnownFileType = sourcecode.c.h; path = ftcid.h; sourceTree = "<group>"; };
		68423A92172C16830087B5F4 /* fterrdef.h */ = {isa = PBXFileReference; fileEncoding = 4; lastKnownFileType = sourcecode.c.h; path = fterrdef.h; sourceTree = "<group>"; };
		68423A93172C16830087B5F4 /* fterrors.h */ = {isa = PBXFileReference; fileEncoding = 4; lastKnownFileType = sourcecode.c.h; path = fterrors.h; sourceTree = "<group>"; };
		68423A94172C16830087B5F4 /* ftgasp.h */ = {isa = PBXFileReference; fileEncoding = 4; lastKnownFileType = sourcecode.c.h; path = ftgasp.h; sourceTree = "<group>"; };
		68423A95172C16830087B5F4 /* ftglyph.h */ = {isa = PBXFileReference; fileEncoding = 4; lastKnownFileType = sourcecode.c.h; path = ftglyph.h; sourceTree = "<group>"; };
		68423A96172C16830087B5F4 /* ftgxval.h */ = {isa = PBXFileReference; fileEncoding = 4; lastKnownFileType = sourcecode.c.h; path = ftgxval.h; sourceTree = "<group>"; };
		68423A97172C16830087B5F4 /* ftgzip.h */ = {isa = PBXFileReference; fileEncoding = 4; lastKnownFileType = sourcecode.c.h; path = ftgzip.h; sourceTree = "<group>"; };
		68423A98172C16830087B5F4 /* ftimage.h */ = {isa = PBXFileReference; fileEncoding = 4; lastKnownFileType = sourcecode.c.h; path = ftimage.h; sourceTree = "<group>"; };
		68423A99172C16830087B5F4 /* ftincrem.h */ = {isa = PBXFileReference; fileEncoding = 4; lastKnownFileType = sourcecode.c.h; path = ftincrem.h; sourceTree = "<group>"; };
		68423A9A172C16830087B5F4 /* ftlcdfil.h */ = {isa = PBXFileReference; fileEncoding = 4; lastKnownFileType = sourcecode.c.h; path = ftlcdfil.h; sourceTree = "<group>"; };
		68423A9B172C16830087B5F4 /* ftlist.h */ = {isa = PBXFileReference; fileEncoding = 4; lastKnownFileType = sourcecode.c.h; path = ftlist.h; sourceTree = "<group>"; };
		68423A9C172C16830087B5F4 /* ftlzw.h */ = {isa = PBXFileReference; fileEncoding = 4; lastKnownFileType = sourcecode.c.h; path = ftlzw.h; sourceTree = "<group>"; };
		68423A9D172C16830087B5F4 /* ftmac.h */ = {isa = PBXFileReference; fileEncoding = 4; lastKnownFileType = sourcecode.c.h; path = ftmac.h; sourceTree = "<group>"; };
		68423A9E172C16830087B5F4 /* ftmm.h */ = {isa = PBXFileReference; fileEncoding = 4; lastKnownFileType = sourcecode.c.h; path = ftmm.h; sourceTree = "<group>"; };
		68423A9F172C16830087B5F4 /* ftmodapi.h */ = {isa = PBXFileReference; fileEncoding = 4; lastKnownFileType = sourcecode.c.h; path = ftmodapi.h; sourceTree = "<group>"; };
		68423AA0172C16830087B5F4 /* ftmoderr.h */ = {isa = PBXFileReference; fileEncoding = 4; lastKnownFileType = sourcecode.c.h; path = ftmoderr.h; sourceTree = "<group>"; };
		68423AA1172C16830087B5F4 /* ftotval.h */ = {isa = PBXFileReference; fileEncoding = 4; lastKnownFileType = sourcecode.c.h; path = ftotval.h; sourceTree = "<group>"; };
		68423AA2172C16830087B5F4 /* ftoutln.h */ = {isa = PBXFileReference; fileEncoding = 4; lastKnownFileType = sourcecode.c.h; path = ftoutln.h; sourceTree = "<group>"; };
		68423AA3172C16830087B5F4 /* ftpfr.h */ = {isa = PBXFileReference; fileEncoding = 4; lastKnownFileType = sourcecode.c.h; path = ftpfr.h; sourceTree = "<group>"; };
		68423AA4172C16830087B5F4 /* ftrender.h */ = {isa = PBXFileReference; fileEncoding = 4; lastKnownFileType = sourcecode.c.h; path = ftrender.h; sourceTree = "<group>"; };
		68423AA5172C16830087B5F4 /* ftsizes.h */ = {isa = PBXFileReference; fileEncoding = 4; lastKnownFileType = sourcecode.c.h; path = ftsizes.h; sourceTree = "<group>"; };
		68423AA6172C16830087B5F4 /* ftsnames.h */ = {isa = PBXFileReference; fileEncoding = 4; lastKnownFileType = sourcecode.c.h; path = ftsnames.h; sourceTree = "<group>"; };
		68423AA7172C16830087B5F4 /* ftstroke.h */ = {isa = PBXFileReference; fileEncoding = 4; lastKnownFileType = sourcecode.c.h; path = ftstroke.h; sourceTree = "<group>"; };
		68423AA8172C16830087B5F4 /* ftsynth.h */ = {isa = PBXFileReference; fileEncoding = 4; lastKnownFileType = sourcecode.c.h; path = ftsynth.h; sourceTree = "<group>"; };
		68423AA9172C16830087B5F4 /* ftsystem.h */ = {isa = PBXFileReference; fileEncoding = 4; lastKnownFileType = sourcecode.c.h; path = ftsystem.h; sourceTree = "<group>"; };
		68423AAA172C16830087B5F4 /* fttrigon.h */ = {isa = PBXFileReference; fileEncoding = 4; lastKnownFileType = sourcecode.c.h; path = fttrigon.h; sourceTree = "<group>"; };
		68423AAB172C16830087B5F4 /* fttypes.h */ = {isa = PBXFileReference; fileEncoding = 4; lastKnownFileType = sourcecode.c.h; path = fttypes.h; sourceTree = "<group>"; };
		68423AAC172C16830087B5F4 /* ftwinfnt.h */ = {isa = PBXFileReference; fileEncoding = 4; lastKnownFileType = sourcecode.c.h; path = ftwinfnt.h; sourceTree = "<group>"; };
		68423AAD172C16830087B5F4 /* ftxf86.h */ = {isa = PBXFileReference; fileEncoding = 4; lastKnownFileType = sourcecode.c.h; path = ftxf86.h; sourceTree = "<group>"; };
		68423AAF172C16830087B5F4 /* autohint.h */ = {isa = PBXFileReference; fileEncoding = 4; lastKnownFileType = sourcecode.c.h; path = autohint.h; sourceTree = "<group>"; };
		68423AB0172C16830087B5F4 /* ftcalc.h */ = {isa = PBXFileReference; fileEncoding = 4; lastKnownFileType = sourcecode.c.h; path = ftcalc.h; sourceTree = "<group>"; };
		68423AB1172C16830087B5F4 /* ftdebug.h */ = {isa = PBXFileReference; fileEncoding = 4; lastKnownFileType = sourcecode.c.h; path = ftdebug.h; sourceTree = "<group>"; };
		68423AB2172C16830087B5F4 /* ftdriver.h */ = {isa = PBXFileReference; fileEncoding = 4; lastKnownFileType = sourcecode.c.h; path = ftdriver.h; sourceTree = "<group>"; };
		68423AB3172C16830087B5F4 /* ftgloadr.h */ = {isa = PBXFileReference; fileEncoding = 4; lastKnownFileType = sourcecode.c.h; path = ftgloadr.h; sourceTree = "<group>"; };
		68423AB4172C16830087B5F4 /* ftmemory.h */ = {isa = PBXFileReference; fileEncoding = 4; lastKnownFileType = sourcecode.c.h; path = ftmemory.h; sourceTree = "<group>"; };
		68423AB5172C16830087B5F4 /* ftobjs.h */ = {isa = PBXFileReference; fileEncoding = 4; lastKnownFileType = sourcecode.c.h; path = ftobjs.h; sourceTree = "<group>"; };
		68423AB6172C16830087B5F4 /* ftpic.h */ = {isa = PBXFileReference; fileEncoding = 4; lastKnownFileType = sourcecode.c.h; path = ftpic.h; sourceTree = "<group>"; };
		68423AB7172C16830087B5F4 /* ftrfork.h */ = {isa = PBXFileReference; fileEncoding = 4; lastKnownFileType = sourcecode.c.h; path = ftrfork.h; sourceTree = "<group>"; };
		68423AB8172C16830087B5F4 /* ftserv.h */ = {isa = PBXFileReference; fileEncoding = 4; lastKnownFileType = sourcecode.c.h; path = ftserv.h; sourceTree = "<group>"; };
		68423AB9172C16830087B5F4 /* ftstream.h */ = {isa = PBXFileReference; fileEncoding = 4; lastKnownFileType = sourcecode.c.h; path = ftstream.h; sourceTree = "<group>"; };
		68423ABA172C16830087B5F4 /* fttrace.h */ = {isa = PBXFileReference; fileEncoding = 4; lastKnownFileType = sourcecode.c.h; path = fttrace.h; sourceTree = "<group>"; };
		68423ABB172C16830087B5F4 /* ftvalid.h */ = {isa = PBXFileReference; fileEncoding = 4; lastKnownFileType = sourcecode.c.h; path = ftvalid.h; sourceTree = "<group>"; };
		68423ABC172C16830087B5F4 /* internal.h */ = {isa = PBXFileReference; fileEncoding = 4; lastKnownFileType = sourcecode.c.h; path = internal.h; sourceTree = "<group>"; };
		68423ABD172C16830087B5F4 /* psaux.h */ = {isa = PBXFileReference; fileEncoding = 4; lastKnownFileType = sourcecode.c.h; path = psaux.h; sourceTree = "<group>"; };
		68423ABE172C16830087B5F4 /* pshints.h */ = {isa = PBXFileReference; fileEncoding = 4; lastKnownFileType = sourcecode.c.h; path = pshints.h; sourceTree = "<group>"; };
		68423AC0172C16830087B5F4 /* svbdf.h */ = {isa = PBXFileReference; fileEncoding = 4; lastKnownFileType = sourcecode.c.h; path = svbdf.h; sourceTree = "<group>"; };
		68423AC1172C16830087B5F4 /* svcid.h */ = {isa = PBXFileReference; fileEncoding = 4; lastKnownFileType = sourcecode.c.h; path = svcid.h; sourceTree = "<group>"; };
		68423AC2172C16830087B5F4 /* svgldict.h */ = {isa = PBXFileReference; fileEncoding = 4; lastKnownFileType = sourcecode.c.h; path = svgldict.h; sourceTree = "<group>"; };
		68423AC3172C16830087B5F4 /* svgxval.h */ = {isa = PBXFileReference; fileEncoding = 4; lastKnownFileType = sourcecode.c.h; path = svgxval.h; sourceTree = "<group>"; };
		68423AC4172C16830087B5F4 /* svkern.h */ = {isa = PBXFileReference; fileEncoding = 4; lastKnownFileType = sourcecode.c.h; path = svkern.h; sourceTree = "<group>"; };
		68423AC5172C16830087B5F4 /* svmm.h */ = {isa = PBXFileReference; fileEncoding = 4; lastKnownFileType = sourcecode.c.h; path = svmm.h; sourceTree = "<group>"; };
		68423AC6172C16830087B5F4 /* svotval.h */ = {isa = PBXFileReference; fileEncoding = 4; lastKnownFileType = sourcecode.c.h; path = svotval.h; sourceTree = "<group>"; };
		68423AC7172C16830087B5F4 /* svpfr.h */ = {isa = PBXFileReference; fileEncoding = 4; lastKnownFileType = sourcecode.c.h; path = svpfr.h; sourceTree = "<group>"; };
		68423AC8172C16830087B5F4 /* svpostnm.h */ = {isa = PBXFileReference; fileEncoding = 4; lastKnownFileType = sourcecode.c.h; path = svpostnm.h; sourceTree = "<group>"; };
		68423AC9172C16830087B5F4 /* svpscmap.h */ = {isa = PBXFileReference; fileEncoding = 4; lastKnownFileType = sourcecode.c.h; path = svpscmap.h; sourceTree = "<group>"; };
		68423ACA172C16830087B5F4 /* svpsinfo.h */ = {isa = PBXFileReference; fileEncoding = 4; lastKnownFileType = sourcecode.c.h; path = svpsinfo.h; sourceTree = "<group>"; };
		68423ACB172C16830087B5F4 /* svsfnt.h */ = {isa = PBXFileReference; fileEncoding = 4; lastKnownFileType = sourcecode.c.h; path = svsfnt.h; sourceTree = "<group>"; };
		68423ACC172C16830087B5F4 /* svttcmap.h */ = {isa = PBXFileReference; fileEncoding = 4; lastKnownFileType = sourcecode.c.h; path = svttcmap.h; sourceTree = "<group>"; };
		68423ACD172C16830087B5F4 /* svtteng.h */ = {isa = PBXFileReference; fileEncoding = 4; lastKnownFileType = sourcecode.c.h; path = svtteng.h; sourceTree = "<group>"; };
		68423ACE172C16830087B5F4 /* svttglyf.h */ = {isa = PBXFileReference; fileEncoding = 4; lastKnownFileType = sourcecode.c.h; path = svttglyf.h; sourceTree = "<group>"; };
		68423ACF172C16830087B5F4 /* svwinfnt.h */ = {isa = PBXFileReference; fileEncoding = 4; lastKnownFileType = sourcecode.c.h; path = svwinfnt.h; sourceTree = "<group>"; };
		68423AD0172C16830087B5F4 /* svxf86nm.h */ = {isa = PBXFileReference; fileEncoding = 4; lastKnownFileType = sourcecode.c.h; path = svxf86nm.h; sourceTree = "<group>"; };
		68423AD1172C16830087B5F4 /* sfnt.h */ = {isa = PBXFileReference; fileEncoding = 4; lastKnownFileType = sourcecode.c.h; path = sfnt.h; sourceTree = "<group>"; };
		68423AD2172C16830087B5F4 /* t1types.h */ = {isa = PBXFileReference; fileEncoding = 4; lastKnownFileType = sourcecode.c.h; path = t1types.h; sourceTree = "<group>"; };
		68423AD3172C16830087B5F4 /* tttypes.h */ = {isa = PBXFileReference; fileEncoding = 4; lastKnownFileType = sourcecode.c.h; path = tttypes.h; sourceTree = "<group>"; };
		68423AD4172C16830087B5F4 /* t1tables.h */ = {isa = PBXFileReference; fileEncoding = 4; lastKnownFileType = sourcecode.c.h; path = t1tables.h; sourceTree = "<group>"; };
		68423AD5172C16830087B5F4 /* ttnameid.h */ = {isa = PBXFileReference; fileEncoding = 4; lastKnownFileType = sourcecode.c.h; path = ttnameid.h; sourceTree = "<group>"; };
		68423AD6172C16830087B5F4 /* tttables.h */ = {isa = PBXFileReference; fileEncoding = 4; lastKnownFileType = sourcecode.c.h; path = tttables.h; sourceTree = "<group>"; };
		68423AD7172C16830087B5F4 /* tttags.h */ = {isa = PBXFileReference; fileEncoding = 4; lastKnownFileType = sourcecode.c.h; path = tttags.h; sourceTree = "<group>"; };
		68423AD8172C16830087B5F4 /* ttunpat.h */ = {isa = PBXFileReference; fileEncoding = 4; lastKnownFileType = sourcecode.c.h; path = ttunpat.h; sourceTree = "<group>"; };
		68423AD9172C16830087B5F4 /* ft2build.h */ = {isa = PBXFileReference; fileEncoding = 4; lastKnownFileType = sourcecode.c.h; path = ft2build.h; sourceTree = "<group>"; };
		68424771172C1C890087B5F4 /* autofit.c */ = {isa = PBXFileReference; fileEncoding = 4; lastKnownFileType = sourcecode.c.c; path = autofit.c; sourceTree = "<group>"; };
		68424772172C1C890087B5F4 /* Jamfile */ = {isa = PBXFileReference; fileEncoding = 4; lastKnownFileType = sourcecode.jam; path = Jamfile; sourceTree = "<group>"; };
		68424773172C1C890087B5F4 /* module.mk */ = {isa = PBXFileReference; fileEncoding = 4; lastKnownFileType = text; path = module.mk; sourceTree = "<group>"; };
		68424774172C1C890087B5F4 /* rules.mk */ = {isa = PBXFileReference; fileEncoding = 4; lastKnownFileType = text; path = rules.mk; sourceTree = "<group>"; };
		6842477A172C1C890087B5F4 /* ftbase.c */ = {isa = PBXFileReference; fileEncoding = 4; lastKnownFileType = sourcecode.c.c; path = ftbase.c; sourceTree = "<group>"; };
		6842479D172C1C890087B5F4 /* Jamfile */ = {isa = PBXFileReference; fileEncoding = 4; lastKnownFileType = sourcecode.jam; path = Jamfile; sourceTree = "<group>"; };
		6842479E172C1C890087B5F4 /* rules.mk */ = {isa = PBXFileReference; fileEncoding = 4; lastKnownFileType = text; path = rules.mk; sourceTree = "<group>"; };
		684247A0172C1C890087B5F4 /* bdf.c */ = {isa = PBXFileReference; fileEncoding = 4; lastKnownFileType = sourcecode.c.c; path = bdf.c; sourceTree = "<group>"; };
		684247A1172C1C890087B5F4 /* bdf.h */ = {isa = PBXFileReference; fileEncoding = 4; lastKnownFileType = sourcecode.c.h; path = bdf.h; sourceTree = "<group>"; };
		684247A6172C1C890087B5F4 /* Jamfile */ = {isa = PBXFileReference; fileEncoding = 4; lastKnownFileType = sourcecode.jam; path = Jamfile; sourceTree = "<group>"; };
		684247A7172C1C890087B5F4 /* module.mk */ = {isa = PBXFileReference; fileEncoding = 4; lastKnownFileType = text; path = module.mk; sourceTree = "<group>"; };
		684247A8172C1C890087B5F4 /* README */ = {isa = PBXFileReference; fileEncoding = 4; lastKnownFileType = text; path = README; sourceTree = "<group>"; };
		684247A9172C1C890087B5F4 /* rules.mk */ = {isa = PBXFileReference; fileEncoding = 4; lastKnownFileType = text; path = rules.mk; sourceTree = "<group>"; };
		684247AB172C1C890087B5F4 /* ftbzip2.c */ = {isa = PBXFileReference; fileEncoding = 4; lastKnownFileType = sourcecode.c.c; path = ftbzip2.c; sourceTree = "<group>"; };
		684247AC172C1C890087B5F4 /* Jamfile */ = {isa = PBXFileReference; fileEncoding = 4; lastKnownFileType = sourcecode.jam; path = Jamfile; sourceTree = "<group>"; };
		684247AD172C1C890087B5F4 /* rules.mk */ = {isa = PBXFileReference; fileEncoding = 4; lastKnownFileType = text; path = rules.mk; sourceTree = "<group>"; };
		684247AF172C1C890087B5F4 /* ftcache.c */ = {isa = PBXFileReference; fileEncoding = 4; lastKnownFileType = sourcecode.c.c; path = ftcache.c; sourceTree = "<group>"; };
		684247C0172C1C890087B5F4 /* Jamfile */ = {isa = PBXFileReference; fileEncoding = 4; lastKnownFileType = sourcecode.jam; path = Jamfile; sourceTree = "<group>"; };
		684247C1172C1C890087B5F4 /* rules.mk */ = {isa = PBXFileReference; fileEncoding = 4; lastKnownFileType = text; path = rules.mk; sourceTree = "<group>"; };
		684247C3172C1C890087B5F4 /* cff.c */ = {isa = PBXFileReference; fileEncoding = 4; lastKnownFileType = sourcecode.c.c; path = cff.c; sourceTree = "<group>"; };
		684247D5172C1C890087B5F4 /* Jamfile */ = {isa = PBXFileReference; fileEncoding = 4; lastKnownFileType = sourcecode.jam; path = Jamfile; sourceTree = "<group>"; };
		684247D6172C1C890087B5F4 /* module.mk */ = {isa = PBXFileReference; fileEncoding = 4; lastKnownFileType = text; path = module.mk; sourceTree = "<group>"; };
		684247D7172C1C890087B5F4 /* rules.mk */ = {isa = PBXFileReference; fileEncoding = 4; lastKnownFileType = text; path = rules.mk; sourceTree = "<group>"; };
		684247E5172C1C890087B5F4 /* Jamfile */ = {isa = PBXFileReference; fileEncoding = 4; lastKnownFileType = sourcecode.jam; path = Jamfile; sourceTree = "<group>"; };
		684247E6172C1C890087B5F4 /* module.mk */ = {isa = PBXFileReference; fileEncoding = 4; lastKnownFileType = text; path = module.mk; sourceTree = "<group>"; };
		684247E7172C1C890087B5F4 /* rules.mk */ = {isa = PBXFileReference; fileEncoding = 4; lastKnownFileType = text; path = rules.mk; sourceTree = "<group>"; };
		684247E8172C1C890087B5F4 /* type1cid.c */ = {isa = PBXFileReference; fileEncoding = 4; lastKnownFileType = sourcecode.c.c; path = type1cid.c; sourceTree = "<group>"; };
		68424820172C1C8A0087B5F4 /* Jamfile */ = {isa = PBXFileReference; fileEncoding = 4; lastKnownFileType = sourcecode.jam; path = Jamfile; sourceTree = "<group>"; };
		68424822172C1C8A0087B5F4 /* ftlzw.c */ = {isa = PBXFileReference; fileEncoding = 4; lastKnownFileType = sourcecode.c.c; path = ftlzw.c; sourceTree = "<group>"; };
		68424825172C1C8A0087B5F4 /* Jamfile */ = {isa = PBXFileReference; fileEncoding = 4; lastKnownFileType = sourcecode.jam; path = Jamfile; sourceTree = "<group>"; };
		68424826172C1C8A0087B5F4 /* rules.mk */ = {isa = PBXFileReference; fileEncoding = 4; lastKnownFileType = text; path = rules.mk; sourceTree = "<group>"; };
		68424828172C1C8A0087B5F4 /* Jamfile */ = {isa = PBXFileReference; fileEncoding = 4; lastKnownFileType = sourcecode.jam; path = Jamfile; sourceTree = "<group>"; };
		68424829172C1C8A0087B5F4 /* module.mk */ = {isa = PBXFileReference; fileEncoding = 4; lastKnownFileType = text; path = module.mk; sourceTree = "<group>"; };
		6842482A172C1C8A0087B5F4 /* otvalid.c */ = {isa = PBXFileReference; fileEncoding = 4; lastKnownFileType = sourcecode.c.c; path = otvalid.c; sourceTree = "<group>"; };
		68424838172C1C8A0087B5F4 /* rules.mk */ = {isa = PBXFileReference; fileEncoding = 4; lastKnownFileType = text; path = rules.mk; sourceTree = "<group>"; };
		6842483A172C1C8A0087B5F4 /* Jamfile */ = {isa = PBXFileReference; fileEncoding = 4; lastKnownFileType = sourcecode.jam; path = Jamfile; sourceTree = "<group>"; };
		6842483B172C1C8A0087B5F4 /* module.mk */ = {isa = PBXFileReference; fileEncoding = 4; lastKnownFileType = text; path = module.mk; sourceTree = "<group>"; };
		6842483C172C1C8A0087B5F4 /* pcf.c */ = {isa = PBXFileReference; fileEncoding = 4; lastKnownFileType = sourcecode.c.c; path = pcf.c; sourceTree = "<group>"; };
		68424845172C1C8A0087B5F4 /* README */ = {isa = PBXFileReference; fileEncoding = 4; lastKnownFileType = text; path = README; sourceTree = "<group>"; };
		68424846172C1C8A0087B5F4 /* rules.mk */ = {isa = PBXFileReference; fileEncoding = 4; lastKnownFileType = text; path = rules.mk; sourceTree = "<group>"; };
		68424848172C1C8A0087B5F4 /* Jamfile */ = {isa = PBXFileReference; fileEncoding = 4; lastKnownFileType = sourcecode.jam; path = Jamfile; sourceTree = "<group>"; };
		68424849172C1C8A0087B5F4 /* module.mk */ = {isa = PBXFileReference; fileEncoding = 4; lastKnownFileType = text; path = module.mk; sourceTree = "<group>"; };
		6842484A172C1C8A0087B5F4 /* pfr.c */ = {isa = PBXFileReference; fileEncoding = 4; lastKnownFileType = sourcecode.c.c; path = pfr.c; sourceTree = "<group>"; };
		68424859172C1C8A0087B5F4 /* rules.mk */ = {isa = PBXFileReference; fileEncoding = 4; lastKnownFileType = text; path = rules.mk; sourceTree = "<group>"; };
		6842485D172C1C8A0087B5F4 /* Jamfile */ = {isa = PBXFileReference; fileEncoding = 4; lastKnownFileType = sourcecode.jam; path = Jamfile; sourceTree = "<group>"; };
		6842485E172C1C8A0087B5F4 /* module.mk */ = {isa = PBXFileReference; fileEncoding = 4; lastKnownFileType = text; path = module.mk; sourceTree = "<group>"; };
		6842485F172C1C8A0087B5F4 /* psaux.c */ = {isa = PBXFileReference; fileEncoding = 4; lastKnownFileType = sourcecode.c.c; path = psaux.c; sourceTree = "<group>"; };
		68424867172C1C8A0087B5F4 /* rules.mk */ = {isa = PBXFileReference; fileEncoding = 4; lastKnownFileType = text; path = rules.mk; sourceTree = "<group>"; };
		6842486D172C1C8A0087B5F4 /* Jamfile */ = {isa = PBXFileReference; fileEncoding = 4; lastKnownFileType = sourcecode.jam; path = Jamfile; sourceTree = "<group>"; };
		6842486E172C1C8A0087B5F4 /* module.mk */ = {isa = PBXFileReference; fileEncoding = 4; lastKnownFileType = text; path = module.mk; sourceTree = "<group>"; };
		68424873172C1C8A0087B5F4 /* pshinter.c */ = {isa = PBXFileReference; fileEncoding = 4; lastKnownFileType = sourcecode.c.c; path = pshinter.c; sourceTree = "<group>"; };
		6842487B172C1C8A0087B5F4 /* rules.mk */ = {isa = PBXFileReference; fileEncoding = 4; lastKnownFileType = text; path = rules.mk; sourceTree = "<group>"; };
		6842487D172C1C8A0087B5F4 /* Jamfile */ = {isa = PBXFileReference; fileEncoding = 4; lastKnownFileType = sourcecode.jam; path = Jamfile; sourceTree = "<group>"; };
		6842487E172C1C8A0087B5F4 /* module.mk */ = {isa = PBXFileReference; fileEncoding = 4; lastKnownFileType = text; path = module.mk; sourceTree = "<group>"; };
		68424882172C1C8A0087B5F4 /* psnames.c */ = {isa = PBXFileReference; fileEncoding = 4; lastKnownFileType = sourcecode.c.c; path = psnames.c; sourceTree = "<group>"; };
		68424886172C1C8A0087B5F4 /* rules.mk */ = {isa = PBXFileReference; fileEncoding = 4; lastKnownFileType = text; path = rules.mk; sourceTree = "<group>"; };
		6842488D172C1C8A0087B5F4 /* Jamfile */ = {isa = PBXFileReference; fileEncoding = 4; lastKnownFileType = sourcecode.jam; path = Jamfile; sourceTree = "<group>"; };
		6842488E172C1C8A0087B5F4 /* module.mk */ = {isa = PBXFileReference; fileEncoding = 4; lastKnownFileType = text; path = module.mk; sourceTree = "<group>"; };
		6842488F172C1C8A0087B5F4 /* raster.c */ = {isa = PBXFileReference; fileEncoding = 4; lastKnownFileType = sourcecode.c.c; path = raster.c; sourceTree = "<group>"; };
		68424893172C1C8A0087B5F4 /* rules.mk */ = {isa = PBXFileReference; fileEncoding = 4; lastKnownFileType = text; path = rules.mk; sourceTree = "<group>"; };
		68424895172C1C8A0087B5F4 /* Jamfile */ = {isa = PBXFileReference; fileEncoding = 4; lastKnownFileType = sourcecode.jam; path = Jamfile; sourceTree = "<group>"; };
		68424896172C1C8A0087B5F4 /* module.mk */ = {isa = PBXFileReference; fileEncoding = 4; lastKnownFileType = text; path = module.mk; sourceTree = "<group>"; };
		68424897172C1C8A0087B5F4 /* rules.mk */ = {isa = PBXFileReference; fileEncoding = 4; lastKnownFileType = text; path = rules.mk; sourceTree = "<group>"; };
		6842489B172C1C8A0087B5F4 /* sfnt.c */ = {isa = PBXFileReference; fileEncoding = 4; lastKnownFileType = sourcecode.c.c; path = sfnt.c; sourceTree = "<group>"; };
		684248B8172C1C8A0087B5F4 /* Jamfile */ = {isa = PBXFileReference; fileEncoding = 4; lastKnownFileType = sourcecode.jam; path = Jamfile; sourceTree = "<group>"; };
		684248B9172C1C8A0087B5F4 /* module.mk */ = {isa = PBXFileReference; fileEncoding = 4; lastKnownFileType = text; path = module.mk; sourceTree = "<group>"; };
		684248BA172C1C8A0087B5F4 /* rules.mk */ = {isa = PBXFileReference; fileEncoding = 4; lastKnownFileType = text; path = rules.mk; sourceTree = "<group>"; };
		684248BB172C1C8A0087B5F4 /* smooth.c */ = {isa = PBXFileReference; fileEncoding = 4; lastKnownFileType = sourcecode.c.c; path = smooth.c; sourceTree = "<group>"; };
		684248D2172C1C8A0087B5F4 /* Jamfile */ = {isa = PBXFileReference; fileEncoding = 4; lastKnownFileType = sourcecode.jam; path = Jamfile; sourceTree = "<group>"; };
		684248D3172C1C8A0087B5F4 /* module.mk */ = {isa = PBXFileReference; fileEncoding = 4; lastKnownFileType = text; path = module.mk; sourceTree = "<group>"; };
		684248D4172C1C8A0087B5F4 /* rules.mk */ = {isa = PBXFileReference; fileEncoding = 4; lastKnownFileType = text; path = rules.mk; sourceTree = "<group>"; };
		684248D5172C1C8A0087B5F4 /* truetype.c */ = {isa = PBXFileReference; fileEncoding = 4; lastKnownFileType = sourcecode.c.c; path = truetype.c; sourceTree = "<group>"; };
		684248E6172C1C8A0087B5F4 /* Jamfile */ = {isa = PBXFileReference; fileEncoding = 4; lastKnownFileType = sourcecode.jam; path = Jamfile; sourceTree = "<group>"; };
		684248E7172C1C8A0087B5F4 /* module.mk */ = {isa = PBXFileReference; fileEncoding = 4; lastKnownFileType = text; path = module.mk; sourceTree = "<group>"; };
		684248E8172C1C8A0087B5F4 /* rules.mk */ = {isa = PBXFileReference; fileEncoding = 4; lastKnownFileType = text; path = rules.mk; sourceTree = "<group>"; };
		684248F7172C1C8A0087B5F4 /* type1.c */ = {isa = PBXFileReference; fileEncoding = 4; lastKnownFileType = sourcecode.c.c; path = type1.c; sourceTree = "<group>"; };
		684248F9172C1C8A0087B5F4 /* Jamfile */ = {isa = PBXFileReference; fileEncoding = 4; lastKnownFileType = sourcecode.jam; path = Jamfile; sourceTree = "<group>"; };
		684248FA172C1C8A0087B5F4 /* module.mk */ = {isa = PBXFileReference; fileEncoding = 4; lastKnownFileType = text; path = module.mk; sourceTree = "<group>"; };
		684248FB172C1C8A0087B5F4 /* rules.mk */ = {isa = PBXFileReference; fileEncoding = 4; lastKnownFileType = text; path = rules.mk; sourceTree = "<group>"; };
		68424904172C1C8A0087B5F4 /* type42.c */ = {isa = PBXFileReference; fileEncoding = 4; lastKnownFileType = sourcecode.c.c; path = type42.c; sourceTree = "<group>"; };
		68424906172C1C8A0087B5F4 /* fnterrs.h */ = {isa = PBXFileReference; fileEncoding = 4; lastKnownFileType = sourcecode.c.h; path = fnterrs.h; sourceTree = "<group>"; };
		68424907172C1C8A0087B5F4 /* Jamfile */ = {isa = PBXFileReference; fileEncoding = 4; lastKnownFileType = sourcecode.jam; path = Jamfile; sourceTree = "<group>"; };
		68424908172C1C8A0087B5F4 /* module.mk */ = {isa = PBXFileReference; fileEncoding = 4; lastKnownFileType = text; path = module.mk; sourceTree = "<group>"; };
		68424909172C1C8A0087B5F4 /* rules.mk */ = {isa = PBXFileReference; fileEncoding = 4; lastKnownFileType = text; path = rules.mk; sourceTree = "<group>"; };
		6842490A172C1C8A0087B5F4 /* winfnt.c */ = {isa = PBXFileReference; fileEncoding = 4; lastKnownFileType = sourcecode.c.c; path = winfnt.c; sourceTree = "<group>"; };
		6842490B172C1C8A0087B5F4 /* winfnt.h */ = {isa = PBXFileReference; fileEncoding = 4; lastKnownFileType = sourcecode.c.h; path = winfnt.h; sourceTree = "<group>"; };
		68424A72172C20B90087B5F4 /* adler32.c */ = {isa = PBXFileReference; fileEncoding = 4; lastKnownFileType = sourcecode.c.c; path = adler32.c; sourceTree = "<group>"; };
		68424A73172C20B90087B5F4 /* ftgzip.c */ = {isa = PBXFileReference; fileEncoding = 4; lastKnownFileType = sourcecode.c.c; path = ftgzip.c; sourceTree = "<group>"; };
		68424A74172C20B90087B5F4 /* infblock.c */ = {isa = PBXFileReference; fileEncoding = 4; lastKnownFileType = sourcecode.c.c; path = infblock.c; sourceTree = "<group>"; };
		68424A75172C20B90087B5F4 /* infblock.h */ = {isa = PBXFileReference; fileEncoding = 4; lastKnownFileType = sourcecode.c.h; path = infblock.h; sourceTree = "<group>"; };
		68424A76172C20B90087B5F4 /* infcodes.c */ = {isa = PBXFileReference; fileEncoding = 4; lastKnownFileType = sourcecode.c.c; path = infcodes.c; sourceTree = "<group>"; };
		68424A77172C20B90087B5F4 /* infcodes.h */ = {isa = PBXFileReference; fileEncoding = 4; lastKnownFileType = sourcecode.c.h; path = infcodes.h; sourceTree = "<group>"; };
		68424A78172C20B90087B5F4 /* inffixed.h */ = {isa = PBXFileReference; fileEncoding = 4; lastKnownFileType = sourcecode.c.h; path = inffixed.h; sourceTree = "<group>"; };
		68424A79172C20B90087B5F4 /* inflate.c */ = {isa = PBXFileReference; fileEncoding = 4; lastKnownFileType = sourcecode.c.c; path = inflate.c; sourceTree = "<group>"; };
		68424A7A172C20B90087B5F4 /* inftrees.c */ = {isa = PBXFileReference; fileEncoding = 4; lastKnownFileType = sourcecode.c.c; path = inftrees.c; sourceTree = "<group>"; };
		68424A7B172C20B90087B5F4 /* inftrees.h */ = {isa = PBXFileReference; fileEncoding = 4; lastKnownFileType = sourcecode.c.h; path = inftrees.h; sourceTree = "<group>"; };
		68424A7C172C20B90087B5F4 /* infutil.c */ = {isa = PBXFileReference; fileEncoding = 4; lastKnownFileType = sourcecode.c.c; path = infutil.c; sourceTree = "<group>"; };
		68424A7D172C20B90087B5F4 /* infutil.h */ = {isa = PBXFileReference; fileEncoding = 4; lastKnownFileType = sourcecode.c.h; path = infutil.h; sourceTree = "<group>"; };
		68424A7E172C20B90087B5F4 /* Jamfile */ = {isa = PBXFileReference; fileEncoding = 4; lastKnownFileType = sourcecode.jam; path = Jamfile; sourceTree = "<group>"; };
		68424A7F172C20B90087B5F4 /* rules.mk */ = {isa = PBXFileReference; fileEncoding = 4; lastKnownFileType = text; path = rules.mk; sourceTree = "<group>"; };
		68424A80172C20B90087B5F4 /* zconf.h */ = {isa = PBXFileReference; fileEncoding = 4; lastKnownFileType = sourcecode.c.h; path = zconf.h; sourceTree = "<group>"; };
		68424A81172C20B90087B5F4 /* zlib.h */ = {isa = PBXFileReference; fileEncoding = 4; lastKnownFileType = sourcecode.c.h; path = zlib.h; sourceTree = "<group>"; };
		68424A82172C20B90087B5F4 /* zutil.c */ = {isa = PBXFileReference; fileEncoding = 4; lastKnownFileType = sourcecode.c.c; path = zutil.c; sourceTree = "<group>"; };
		68424A83172C20B90087B5F4 /* zutil.h */ = {isa = PBXFileReference; fileEncoding = 4; lastKnownFileType = sourcecode.c.h; path = zutil.h; sourceTree = "<group>"; };
		68424A95172C22D40087B5F4 /* ftmac.c */ = {isa = PBXFileReference; fileEncoding = 4; lastKnownFileType = sourcecode.c.c; path = ftmac.c; sourceTree = SOURCE_ROOT; };
		68796B52172C28B2004FF998 /* ftapi.c */ = {isa = PBXFileReference; fileEncoding = 4; lastKnownFileType = sourcecode.c.c; path = ftapi.c; sourceTree = "<group>"; };
		68796B53172C28B2004FF998 /* ftbase.h */ = {isa = PBXFileReference; fileEncoding = 4; lastKnownFileType = sourcecode.c.h; path = ftbase.h; sourceTree = "<group>"; };
		68796B59172C2943004FF998 /* ftinit.c */ = {isa = PBXFileReference; fileEncoding = 4; lastKnownFileType = sourcecode.c.c; path = ftinit.c; sourceTree = "<group>"; };
		68796B5B172C2997004FF998 /* ftsystem.c */ = {isa = PBXFileReference; fileEncoding = 4; lastKnownFileType = sourcecode.c.c; path = ftsystem.c; sourceTree = "<group>"; };
		68796B5D172C29F5004FF998 /* ftglyph.c */ = {isa = PBXFileReference; fileEncoding = 4; lastKnownFileType = sourcecode.c.c; path = ftglyph.c; sourceTree = "<group>"; };
		68796B5F172C2A18004FF998 /* ftbbox.c */ = {isa = PBXFileReference; fileEncoding = 4; lastKnownFileType = sourcecode.c.c; path = ftbbox.c; sourceTree = "<group>"; };
		68796B60172C2A18004FF998 /* ftbdf.c */ = {isa = PBXFileReference; fileEncoding = 4; lastKnownFileType = sourcecode.c.c; path = ftbdf.c; sourceTree = "<group>"; };
		68796B61172C2A18004FF998 /* ftbitmap.c */ = {isa = PBXFileReference; fileEncoding = 4; lastKnownFileType = sourcecode.c.c; path = ftbitmap.c; sourceTree = "<group>"; };
		68CDBE4C172C136E00087E68 /* libfreetype.dylib */ = {isa = PBXFileReference; explicitFileType = "compiled.mach-o.dylib"; includeInIndex = 0; path = libfreetype.dylib; sourceTree = BUILT_PRODUCTS_DIR; };
/* End PBXFileReference section */

/* Begin PBXFrameworksBuildPhase section */
		68CDBE49172C136E00087E68 /* Frameworks */ = {
			isa = PBXFrameworksBuildPhase;
			buildActionMask = 2147483647;
			files = (
			);
			runOnlyForDeploymentPostprocessing = 0;
		};
/* End PBXFrameworksBuildPhase section */

/* Begin PBXGroup section */
		68423A81172C16830087B5F4 /* include */ = {
			isa = PBXGroup;
			children = (
				68423A82172C16830087B5F4 /* freetype */,
				68423AD9172C16830087B5F4 /* ft2build.h */,
			);
			name = include;
			path = ../../include;
			sourceTree = "<group>";
		};
		68423A82172C16830087B5F4 /* freetype */ = {
			isa = PBXGroup;
			children = (
				68423A83172C16830087B5F4 /* config */,
				68423A89172C16830087B5F4 /* freetype.h */,
				68423A8A172C16830087B5F4 /* ftadvanc.h */,
				68423A8B172C16830087B5F4 /* ftbbox.h */,
				68423A8C172C16830087B5F4 /* ftbdf.h */,
				68423A8D172C16830087B5F4 /* ftbitmap.h */,
				68423A8E172C16830087B5F4 /* ftbzip2.h */,
				68423A8F172C16830087B5F4 /* ftcache.h */,
				68423A90172C16830087B5F4 /* ftchapters.h */,
				68423A91172C16830087B5F4 /* ftcid.h */,
				68423A92172C16830087B5F4 /* fterrdef.h */,
				68423A93172C16830087B5F4 /* fterrors.h */,
				68423A94172C16830087B5F4 /* ftgasp.h */,
				68423A95172C16830087B5F4 /* ftglyph.h */,
				68423A96172C16830087B5F4 /* ftgxval.h */,
				68423A97172C16830087B5F4 /* ftgzip.h */,
				68423A98172C16830087B5F4 /* ftimage.h */,
				68423A99172C16830087B5F4 /* ftincrem.h */,
				68423A9A172C16830087B5F4 /* ftlcdfil.h */,
				68423A9B172C16830087B5F4 /* ftlist.h */,
				68423A9C172C16830087B5F4 /* ftlzw.h */,
				68423A9D172C16830087B5F4 /* ftmac.h */,
				68423A9E172C16830087B5F4 /* ftmm.h */,
				68423A9F172C16830087B5F4 /* ftmodapi.h */,
				68423AA0172C16830087B5F4 /* ftmoderr.h */,
				68423AA1172C16830087B5F4 /* ftotval.h */,
				68423AA2172C16830087B5F4 /* ftoutln.h */,
				68423AA3172C16830087B5F4 /* ftpfr.h */,
				68423AA4172C16830087B5F4 /* ftrender.h */,
				68423AA5172C16830087B5F4 /* ftsizes.h */,
				68423AA6172C16830087B5F4 /* ftsnames.h */,
				68423AA7172C16830087B5F4 /* ftstroke.h */,
				68423AA8172C16830087B5F4 /* ftsynth.h */,
				68423AA9172C16830087B5F4 /* ftsystem.h */,
				68423AAA172C16830087B5F4 /* fttrigon.h */,
				68423AAB172C16830087B5F4 /* fttypes.h */,
				68423AAC172C16830087B5F4 /* ftwinfnt.h */,
				68423AAD172C16830087B5F4 /* ftxf86.h */,
				68423AAE172C16830087B5F4 /* internal */,
				68423AD4172C16830087B5F4 /* t1tables.h */,
				68423AD5172C16830087B5F4 /* ttnameid.h */,
				68423AD6172C16830087B5F4 /* tttables.h */,
				68423AD7172C16830087B5F4 /* tttags.h */,
				68423AD8172C16830087B5F4 /* ttunpat.h */,
			);
			path = freetype;
			sourceTree = "<group>";
		};
		68423A83172C16830087B5F4 /* config */ = {
			isa = PBXGroup;
			children = (
				68423A84172C16830087B5F4 /* ftconfig.h */,
				68423A85172C16830087B5F4 /* ftheader.h */,
				68423A86172C16830087B5F4 /* ftmodule.h */,
				68423A87172C16830087B5F4 /* ftoption.h */,
				68423A88172C16830087B5F4 /* ftstdlib.h */,
			);
			path = config;
			sourceTree = "<group>";
		};
		68423AAE172C16830087B5F4 /* internal */ = {
			isa = PBXGroup;
			children = (
				68423AAF172C16830087B5F4 /* autohint.h */,
				68423AB0172C16830087B5F4 /* ftcalc.h */,
				68423AB1172C16830087B5F4 /* ftdebug.h */,
				68423AB2172C16830087B5F4 /* ftdriver.h */,
				68423AB3172C16830087B5F4 /* ftgloadr.h */,
				68423AB4172C16830087B5F4 /* ftmemory.h */,
				68423AB5172C16830087B5F4 /* ftobjs.h */,
				68423AB6172C16830087B5F4 /* ftpic.h */,
				68423AB7172C16830087B5F4 /* ftrfork.h */,
				68423AB8172C16830087B5F4 /* ftserv.h */,
				68423AB9172C16830087B5F4 /* ftstream.h */,
				68423ABA172C16830087B5F4 /* fttrace.h */,
				68423ABB172C16830087B5F4 /* ftvalid.h */,
				68423ABC172C16830087B5F4 /* internal.h */,
				68423ABD172C16830087B5F4 /* psaux.h */,
				68423ABE172C16830087B5F4 /* pshints.h */,
				68423ABF172C16830087B5F4 /* services */,
				68423AD1172C16830087B5F4 /* sfnt.h */,
				68423AD2172C16830087B5F4 /* t1types.h */,
				68423AD3172C16830087B5F4 /* tttypes.h */,
			);
			path = internal;
			sourceTree = "<group>";
		};
		68423ABF172C16830087B5F4 /* services */ = {
			isa = PBXGroup;
			children = (
				68423AC0172C16830087B5F4 /* svbdf.h */,
				68423AC1172C16830087B5F4 /* svcid.h */,
				68423AC2172C16830087B5F4 /* svgldict.h */,
				68423AC3172C16830087B5F4 /* svgxval.h */,
				68423AC4172C16830087B5F4 /* svkern.h */,
				68423AC5172C16830087B5F4 /* svmm.h */,
				68423AC6172C16830087B5F4 /* svotval.h */,
				68423AC7172C16830087B5F4 /* svpfr.h */,
				68423AC8172C16830087B5F4 /* svpostnm.h */,
				68423AC9172C16830087B5F4 /* svpscmap.h */,
				68423ACA172C16830087B5F4 /* svpsinfo.h */,
				68423ACB172C16830087B5F4 /* svsfnt.h */,
				68423ACC172C16830087B5F4 /* svttcmap.h */,
				68423ACD172C16830087B5F4 /* svtteng.h */,
				68423ACE172C16830087B5F4 /* svttglyf.h */,
				68423ACF172C16830087B5F4 /* svwinfnt.h */,
				68423AD0172C16830087B5F4 /* svxf86nm.h */,
			);
			path = services;
			sourceTree = "<group>";
		};
		68424755172C1C890087B5F4 /* src */ = {
			isa = PBXGroup;
			children = (
				68424A95172C22D40087B5F4 /* ftmac.c */,
				68424A71172C20B90087B5F4 /* gzip */,
				68424756172C1C890087B5F4 /* autofit */,
				68424775172C1C890087B5F4 /* base */,
				6842479F172C1C890087B5F4 /* bdf */,
				684247AA172C1C890087B5F4 /* bzip2 */,
				684247AE172C1C890087B5F4 /* cache */,
				684247C2172C1C890087B5F4 /* cff */,
				684247D8172C1C890087B5F4 /* cid */,
				68424820172C1C8A0087B5F4 /* Jamfile */,
				68424821172C1C8A0087B5F4 /* lzw */,
				68424827172C1C8A0087B5F4 /* otvalid */,
				68424839172C1C8A0087B5F4 /* pcf */,
				68424847172C1C8A0087B5F4 /* pfr */,
				6842485A172C1C8A0087B5F4 /* psaux */,
				6842486C172C1C8A0087B5F4 /* pshinter */,
				6842487C172C1C8A0087B5F4 /* psnames */,
				68424887172C1C8A0087B5F4 /* raster */,
				68424894172C1C8A0087B5F4 /* sfnt */,
				684248B0172C1C8A0087B5F4 /* smooth */,
				684248D1172C1C8A0087B5F4 /* truetype */,
				684248E5172C1C8A0087B5F4 /* type1 */,
				684248F8172C1C8A0087B5F4 /* type42 */,
				68424905172C1C8A0087B5F4 /* winfonts */,
			);
			name = src;
			path = ../../src;
			sourceTree = "<group>";
		};
		68424756172C1C890087B5F4 /* autofit */ = {
			isa = PBXGroup;
			children = (
				68424771172C1C890087B5F4 /* autofit.c */,
				68424772172C1C890087B5F4 /* Jamfile */,
				68424773172C1C890087B5F4 /* module.mk */,
				68424774172C1C890087B5F4 /* rules.mk */,
			);
			path = autofit;
			sourceTree = "<group>";
		};
		68424775172C1C890087B5F4 /* base */ = {
			isa = PBXGroup;
			children = (
				68796B5F172C2A18004FF998 /* ftbbox.c */,
				68796B60172C2A18004FF998 /* ftbdf.c */,
				68796B61172C2A18004FF998 /* ftbitmap.c */,
				68796B5D172C29F5004FF998 /* ftglyph.c */,
				68796B5B172C2997004FF998 /* ftsystem.c */,
				68796B59172C2943004FF998 /* ftinit.c */,
				68796B52172C28B2004FF998 /* ftapi.c */,
				68796B53172C28B2004FF998 /* ftbase.h */,
				6842477A172C1C890087B5F4 /* ftbase.c */,
				6842479D172C1C890087B5F4 /* Jamfile */,
				6842479E172C1C890087B5F4 /* rules.mk */,
			);
			path = base;
			sourceTree = "<group>";
		};
		6842479F172C1C890087B5F4 /* bdf */ = {
			isa = PBXGroup;
			children = (
				684247A0172C1C890087B5F4 /* bdf.c */,
				684247A1172C1C890087B5F4 /* bdf.h */,
				684247A6172C1C890087B5F4 /* Jamfile */,
				684247A7172C1C890087B5F4 /* module.mk */,
				684247A8172C1C890087B5F4 /* README */,
				684247A9172C1C890087B5F4 /* rules.mk */,
			);
			path = bdf;
			sourceTree = "<group>";
		};
		684247AA172C1C890087B5F4 /* bzip2 */ = {
			isa = PBXGroup;
			children = (
				684247AB172C1C890087B5F4 /* ftbzip2.c */,
				684247AC172C1C890087B5F4 /* Jamfile */,
				684247AD172C1C890087B5F4 /* rules.mk */,
			);
			path = bzip2;
			sourceTree = "<group>";
		};
		684247AE172C1C890087B5F4 /* cache */ = {
			isa = PBXGroup;
			children = (
				684247AF172C1C890087B5F4 /* ftcache.c */,
				684247C0172C1C890087B5F4 /* Jamfile */,
				684247C1172C1C890087B5F4 /* rules.mk */,
			);
			path = cache;
			sourceTree = "<group>";
		};
		684247C2172C1C890087B5F4 /* cff */ = {
			isa = PBXGroup;
			children = (
				684247C3172C1C890087B5F4 /* cff.c */,
				684247D5172C1C890087B5F4 /* Jamfile */,
				684247D6172C1C890087B5F4 /* module.mk */,
				684247D7172C1C890087B5F4 /* rules.mk */,
			);
			path = cff;
			sourceTree = "<group>";
		};
		684247D8172C1C890087B5F4 /* cid */ = {
			isa = PBXGroup;
			children = (
				684247E5172C1C890087B5F4 /* Jamfile */,
				684247E6172C1C890087B5F4 /* module.mk */,
				684247E7172C1C890087B5F4 /* rules.mk */,
				684247E8172C1C890087B5F4 /* type1cid.c */,
			);
			path = cid;
			sourceTree = "<group>";
		};
		68424821172C1C8A0087B5F4 /* lzw */ = {
			isa = PBXGroup;
			children = (
				68424822172C1C8A0087B5F4 /* ftlzw.c */,
				68424825172C1C8A0087B5F4 /* Jamfile */,
				68424826172C1C8A0087B5F4 /* rules.mk */,
			);
			path = lzw;
			sourceTree = "<group>";
		};
		68424827172C1C8A0087B5F4 /* otvalid */ = {
			isa = PBXGroup;
			children = (
				68424828172C1C8A0087B5F4 /* Jamfile */,
				68424829172C1C8A0087B5F4 /* module.mk */,
				6842482A172C1C8A0087B5F4 /* otvalid.c */,
				68424838172C1C8A0087B5F4 /* rules.mk */,
			);
			path = otvalid;
			sourceTree = "<group>";
		};
		68424839172C1C8A0087B5F4 /* pcf */ = {
			isa = PBXGroup;
			children = (
				6842483A172C1C8A0087B5F4 /* Jamfile */,
				6842483B172C1C8A0087B5F4 /* module.mk */,
				6842483C172C1C8A0087B5F4 /* pcf.c */,
				68424845172C1C8A0087B5F4 /* README */,
				68424846172C1C8A0087B5F4 /* rules.mk */,
			);
			path = pcf;
			sourceTree = "<group>";
		};
		68424847172C1C8A0087B5F4 /* pfr */ = {
			isa = PBXGroup;
			children = (
				68424848172C1C8A0087B5F4 /* Jamfile */,
				68424849172C1C8A0087B5F4 /* module.mk */,
				6842484A172C1C8A0087B5F4 /* pfr.c */,
				68424859172C1C8A0087B5F4 /* rules.mk */,
			);
			path = pfr;
			sourceTree = "<group>";
		};
		6842485A172C1C8A0087B5F4 /* psaux */ = {
			isa = PBXGroup;
			children = (
				6842485D172C1C8A0087B5F4 /* Jamfile */,
				6842485E172C1C8A0087B5F4 /* module.mk */,
				6842485F172C1C8A0087B5F4 /* psaux.c */,
				68424867172C1C8A0087B5F4 /* rules.mk */,
			);
			path = psaux;
			sourceTree = "<group>";
		};
		6842486C172C1C8A0087B5F4 /* pshinter */ = {
			isa = PBXGroup;
			children = (
				6842486D172C1C8A0087B5F4 /* Jamfile */,
				6842486E172C1C8A0087B5F4 /* module.mk */,
				68424873172C1C8A0087B5F4 /* pshinter.c */,
				6842487B172C1C8A0087B5F4 /* rules.mk */,
			);
			path = pshinter;
			sourceTree = "<group>";
		};
		6842487C172C1C8A0087B5F4 /* psnames */ = {
			isa = PBXGroup;
			children = (
				6842487D172C1C8A0087B5F4 /* Jamfile */,
				6842487E172C1C8A0087B5F4 /* module.mk */,
				68424882172C1C8A0087B5F4 /* psnames.c */,
				68424886172C1C8A0087B5F4 /* rules.mk */,
			);
			path = psnames;
			sourceTree = "<group>";
		};
		68424887172C1C8A0087B5F4 /* raster */ = {
			isa = PBXGroup;
			children = (
				6842488D172C1C8A0087B5F4 /* Jamfile */,
				6842488E172C1C8A0087B5F4 /* module.mk */,
				6842488F172C1C8A0087B5F4 /* raster.c */,
				68424893172C1C8A0087B5F4 /* rules.mk */,
			);
			path = raster;
			sourceTree = "<group>";
		};
		68424894172C1C8A0087B5F4 /* sfnt */ = {
			isa = PBXGroup;
			children = (
				68424895172C1C8A0087B5F4 /* Jamfile */,
				68424896172C1C8A0087B5F4 /* module.mk */,
				68424897172C1C8A0087B5F4 /* rules.mk */,
				6842489B172C1C8A0087B5F4 /* sfnt.c */,
			);
			path = sfnt;
			sourceTree = "<group>";
		};
		684248B0172C1C8A0087B5F4 /* smooth */ = {
			isa = PBXGroup;
			children = (
				684248B8172C1C8A0087B5F4 /* Jamfile */,
				684248B9172C1C8A0087B5F4 /* module.mk */,
				684248BA172C1C8A0087B5F4 /* rules.mk */,
				684248BB172C1C8A0087B5F4 /* smooth.c */,
			);
			path = smooth;
			sourceTree = "<group>";
		};
		684248D1172C1C8A0087B5F4 /* truetype */ = {
			isa = PBXGroup;
			children = (
				684248D2172C1C8A0087B5F4 /* Jamfile */,
				684248D3172C1C8A0087B5F4 /* module.mk */,
				684248D4172C1C8A0087B5F4 /* rules.mk */,
				684248D5172C1C8A0087B5F4 /* truetype.c */,
			);
			path = truetype;
			sourceTree = "<group>";
		};
		684248E5172C1C8A0087B5F4 /* type1 */ = {
			isa = PBXGroup;
			children = (
				684248E6172C1C8A0087B5F4 /* Jamfile */,
				684248E7172C1C8A0087B5F4 /* module.mk */,
				684248E8172C1C8A0087B5F4 /* rules.mk */,
				684248F7172C1C8A0087B5F4 /* type1.c */,
			);
			path = type1;
			sourceTree = "<group>";
		};
		684248F8172C1C8A0087B5F4 /* type42 */ = {
			isa = PBXGroup;
			children = (
				684248F9172C1C8A0087B5F4 /* Jamfile */,
				684248FA172C1C8A0087B5F4 /* module.mk */,
				684248FB172C1C8A0087B5F4 /* rules.mk */,
				68424904172C1C8A0087B5F4 /* type42.c */,
			);
			path = type42;
			sourceTree = "<group>";
		};
		68424905172C1C8A0087B5F4 /* winfonts */ = {
			isa = PBXGroup;
			children = (
				68424906172C1C8A0087B5F4 /* fnterrs.h */,
				68424907172C1C8A0087B5F4 /* Jamfile */,
				68424908172C1C8A0087B5F4 /* module.mk */,
				68424909172C1C8A0087B5F4 /* rules.mk */,
				6842490A172C1C8A0087B5F4 /* winfnt.c */,
				6842490B172C1C8A0087B5F4 /* winfnt.h */,
			);
			path = winfonts;
			sourceTree = "<group>";
		};
		68424A71172C20B90087B5F4 /* gzip */ = {
			isa = PBXGroup;
			children = (
				68424A72172C20B90087B5F4 /* adler32.c */,
				68424A73172C20B90087B5F4 /* ftgzip.c */,
				68424A74172C20B90087B5F4 /* infblock.c */,
				68424A75172C20B90087B5F4 /* infblock.h */,
				68424A76172C20B90087B5F4 /* infcodes.c */,
				68424A77172C20B90087B5F4 /* infcodes.h */,
				68424A78172C20B90087B5F4 /* inffixed.h */,
				68424A79172C20B90087B5F4 /* inflate.c */,
				68424A7A172C20B90087B5F4 /* inftrees.c */,
				68424A7B172C20B90087B5F4 /* inftrees.h */,
				68424A7C172C20B90087B5F4 /* infutil.c */,
				68424A7D172C20B90087B5F4 /* infutil.h */,
				68424A7E172C20B90087B5F4 /* Jamfile */,
				68424A7F172C20B90087B5F4 /* rules.mk */,
				68424A80172C20B90087B5F4 /* zconf.h */,
				68424A81172C20B90087B5F4 /* zlib.h */,
				68424A82172C20B90087B5F4 /* zutil.c */,
				68424A83172C20B90087B5F4 /* zutil.h */,
			);
			path = gzip;
			sourceTree = "<group>";
		};
		68CDBE43172C136E00087E68 = {
			isa = PBXGroup;
			children = (
				68424755172C1C890087B5F4 /* src */,
				68423A81172C16830087B5F4 /* include */,
				68CDBE4D172C136E00087E68 /* Products */,
			);
			sourceTree = "<group>";
		};
		68CDBE4D172C136E00087E68 /* Products */ = {
			isa = PBXGroup;
			children = (
				68CDBE4C172C136E00087E68 /* libfreetype.dylib */,
			);
			name = Products;
			sourceTree = "<group>";
		};
/* End PBXGroup section */

/* Begin PBXHeadersBuildPhase section */
		68CDBE4A172C136E00087E68 /* Headers */ = {
			isa = PBXHeadersBuildPhase;
			buildActionMask = 2147483647;
			files = (
				68423C91172C16830087B5F4 /* ftconfig.h in Headers */,
				68423C92172C16830087B5F4 /* ftheader.h in Headers */,
				68423C93172C16830087B5F4 /* ftmodule.h in Headers */,
				68423C94172C16830087B5F4 /* ftoption.h in Headers */,
				68423C95172C16830087B5F4 /* ftstdlib.h in Headers */,
				68423C96172C16830087B5F4 /* freetype.h in Headers */,
				68423C97172C16830087B5F4 /* ftadvanc.h in Headers */,
				68423C98172C16830087B5F4 /* ftbbox.h in Headers */,
				68423C99172C16830087B5F4 /* ftbdf.h in Headers */,
				68423C9A172C16830087B5F4 /* ftbitmap.h in Headers */,
				68423C9B172C16830087B5F4 /* ftbzip2.h in Headers */,
				68423C9C172C16830087B5F4 /* ftcache.h in Headers */,
				68423C9D172C16830087B5F4 /* ftchapters.h in Headers */,
				68423C9E172C16830087B5F4 /* ftcid.h in Headers */,
				68423C9F172C16830087B5F4 /* fterrdef.h in Headers */,
				68423CA0172C16830087B5F4 /* fterrors.h in Headers */,
				68423CA1172C16830087B5F4 /* ftgasp.h in Headers */,
				68423CA2172C16830087B5F4 /* ftglyph.h in Headers */,
				68423CA3172C16830087B5F4 /* ftgxval.h in Headers */,
				68423CA4172C16830087B5F4 /* ftgzip.h in Headers */,
				68423CA5172C16830087B5F4 /* ftimage.h in Headers */,
				68423CA6172C16830087B5F4 /* ftincrem.h in Headers */,
				68423CA7172C16830087B5F4 /* ftlcdfil.h in Headers */,
				68423CA8172C16830087B5F4 /* ftlist.h in Headers */,
				68423CA9172C16830087B5F4 /* ftlzw.h in Headers */,
				68423CAA172C16830087B5F4 /* ftmac.h in Headers */,
				68423CAB172C16830087B5F4 /* ftmm.h in Headers */,
				68423CAC172C16830087B5F4 /* ftmodapi.h in Headers */,
				68423CAD172C16830087B5F4 /* ftmoderr.h in Headers */,
				68423CAE172C16830087B5F4 /* ftotval.h in Headers */,
				68423CAF172C16830087B5F4 /* ftoutln.h in Headers */,
				68423CB0172C16830087B5F4 /* ftpfr.h in Headers */,
				68423CB1172C16830087B5F4 /* ftrender.h in Headers */,
				68423CB2172C16830087B5F4 /* ftsizes.h in Headers */,
				68423CB3172C16830087B5F4 /* ftsnames.h in Headers */,
				68423CB4172C16830087B5F4 /* ftstroke.h in Headers */,
				68423CB5172C16830087B5F4 /* ftsynth.h in Headers */,
				68423CB6172C16830087B5F4 /* ftsystem.h in Headers */,
				68423CB7172C16830087B5F4 /* fttrigon.h in Headers */,
				68423CB8172C16830087B5F4 /* fttypes.h in Headers */,
				68423CB9172C16830087B5F4 /* ftwinfnt.h in Headers */,
				68423CBA172C16830087B5F4 /* ftxf86.h in Headers */,
				68423CBB172C16830087B5F4 /* autohint.h in Headers */,
				68423CBC172C16830087B5F4 /* ftcalc.h in Headers */,
				68423CBD172C16830087B5F4 /* ftdebug.h in Headers */,
				68423CBE172C16830087B5F4 /* ftdriver.h in Headers */,
				68423CBF172C16830087B5F4 /* ftgloadr.h in Headers */,
				68423CC0172C16830087B5F4 /* ftmemory.h in Headers */,
				68423CC1172C16830087B5F4 /* ftobjs.h in Headers */,
				68423CC2172C16830087B5F4 /* ftpic.h in Headers */,
				68423CC3172C16830087B5F4 /* ftrfork.h in Headers */,
				68423CC4172C16830087B5F4 /* ftserv.h in Headers */,
				68423CC5172C16830087B5F4 /* ftstream.h in Headers */,
				68423CC6172C16830087B5F4 /* fttrace.h in Headers */,
				68423CC7172C16830087B5F4 /* ftvalid.h in Headers */,
				68423CC8172C16830087B5F4 /* internal.h in Headers */,
				68423CC9172C16830087B5F4 /* psaux.h in Headers */,
				68423CCA172C16830087B5F4 /* pshints.h in Headers */,
				68423CCB172C16830087B5F4 /* svbdf.h in Headers */,
				68423CCC172C16830087B5F4 /* svcid.h in Headers */,
				68423CCD172C16830087B5F4 /* svgldict.h in Headers */,
				68423CCE172C16830087B5F4 /* svgxval.h in Headers */,
				68423CCF172C16830087B5F4 /* svkern.h in Headers */,
				68423CD0172C16830087B5F4 /* svmm.h in Headers */,
				68423CD1172C16830087B5F4 /* svotval.h in Headers */,
				68423CD2172C16830087B5F4 /* svpfr.h in Headers */,
				68423CD3172C16830087B5F4 /* svpostnm.h in Headers */,
				68423CD4172C16830087B5F4 /* svpscmap.h in Headers */,
				68423CD5172C16830087B5F4 /* svpsinfo.h in Headers */,
				68423CD6172C16830087B5F4 /* svsfnt.h in Headers */,
				68423CD7172C16830087B5F4 /* svttcmap.h in Headers */,
				68423CD8172C16830087B5F4 /* svtteng.h in Headers */,
				68423CD9172C16830087B5F4 /* svttglyf.h in Headers */,
				68423CDA172C16830087B5F4 /* svwinfnt.h in Headers */,
				68423CDB172C16830087B5F4 /* svxf86nm.h in Headers */,
				68423CDC172C16830087B5F4 /* sfnt.h in Headers */,
				68423CDD172C16830087B5F4 /* t1types.h in Headers */,
				68423CDE172C16830087B5F4 /* tttypes.h in Headers */,
				68423CDF172C16830087B5F4 /* t1tables.h in Headers */,
				68423CE0172C16830087B5F4 /* ttnameid.h in Headers */,
				68423CE1172C16830087B5F4 /* tttables.h in Headers */,
				68423CE2172C16830087B5F4 /* tttags.h in Headers */,
				68423CE3172C16830087B5F4 /* ttunpat.h in Headers */,
				68423CE4172C16830087B5F4 /* ft2build.h in Headers */,
				68424951172C1C8A0087B5F4 /* bdf.h in Headers */,
				68424A6D172C1C8A0087B5F4 /* fnterrs.h in Headers */,
				68424A70172C1C8A0087B5F4 /* winfnt.h in Headers */,
				68424A87172C20B90087B5F4 /* infblock.h in Headers */,
				68424A89172C20B90087B5F4 /* infcodes.h in Headers */,
				68424A8A172C20B90087B5F4 /* inffixed.h in Headers */,
				68424A8D172C20B90087B5F4 /* inftrees.h in Headers */,
				68424A8F172C20B90087B5F4 /* infutil.h in Headers */,
				68424A91172C20B90087B5F4 /* zconf.h in Headers */,
				68424A92172C20B90087B5F4 /* zlib.h in Headers */,
				68424A94172C20B90087B5F4 /* zutil.h in Headers */,
				68796B58172C28B2004FF998 /* ftbase.h in Headers */,
			);
			runOnlyForDeploymentPostprocessing = 0;
		};
/* End PBXHeadersBuildPhase section */

/* Begin PBXNativeTarget section */
		68CDBE4B172C136E00087E68 /* freetype */ = {
			isa = PBXNativeTarget;
			buildConfigurationList = 68CDBE50172C136E00087E68 /* Build configuration list for PBXNativeTarget "freetype" */;
			buildPhases = (
				68CDBE48172C136E00087E68 /* Sources */,
				68CDBE49172C136E00087E68 /* Frameworks */,
				68CDBE4A172C136E00087E68 /* Headers */,
			);
			buildRules = (
			);
			dependencies = (
			);
			name = freetype;
			productName = freetype;
			productReference = 68CDBE4C172C136E00087E68 /* libfreetype.dylib */;
			productType = "com.apple.product-type.library.dynamic";
		};
/* End PBXNativeTarget section */

/* Begin PBXProject section */
		68CDBE44172C136E00087E68 /* Project object */ = {
			isa = PBXProject;
			attributes = {
				LastUpgradeCheck = 0460;
				ORGANIZATIONNAME = "徐 海宁";
			};
			buildConfigurationList = 68CDBE47172C136E00087E68 /* Build configuration list for PBXProject "freetype" */;
			compatibilityVersion = "Xcode 3.2";
			developmentRegion = English;
			hasScannedForEncodings = 0;
			knownRegions = (
				en,
			);
			mainGroup = 68CDBE43172C136E00087E68;
			productRefGroup = 68CDBE4D172C136E00087E68 /* Products */;
			projectDirPath = "";
			projectRoot = "";
			targets = (
				68CDBE4B172C136E00087E68 /* freetype */,
			);
		};
/* End PBXProject section */

/* Begin PBXSourcesBuildPhase section */
		68CDBE48172C136E00087E68 /* Sources */ = {
			isa = PBXSourcesBuildPhase;
			buildActionMask = 2147483647;
			files = (
				68424926172C1C8A0087B5F4 /* autofit.c in Sources */,
				68424927172C1C8A0087B5F4 /* Jamfile in Sources */,
				6842492C172C1C8A0087B5F4 /* ftbase.c in Sources */,
				6842494F172C1C8A0087B5F4 /* Jamfile in Sources */,
				68424950172C1C8A0087B5F4 /* bdf.c in Sources */,
				68424956172C1C8A0087B5F4 /* Jamfile in Sources */,
				68424957172C1C8A0087B5F4 /* ftbzip2.c in Sources */,
				68424958172C1C8A0087B5F4 /* Jamfile in Sources */,
				68424959172C1C8A0087B5F4 /* ftcache.c in Sources */,
				6842496A172C1C8A0087B5F4 /* Jamfile in Sources */,
				6842496B172C1C8A0087B5F4 /* cff.c in Sources */,
				6842497D172C1C8A0087B5F4 /* Jamfile in Sources */,
				6842498A172C1C8A0087B5F4 /* Jamfile in Sources */,
				6842498B172C1C8A0087B5F4 /* type1cid.c in Sources */,
				684249BD172C1C8A0087B5F4 /* Jamfile in Sources */,
				684249BE172C1C8A0087B5F4 /* ftlzw.c in Sources */,
				684249C1172C1C8A0087B5F4 /* Jamfile in Sources */,
				684249C2172C1C8A0087B5F4 /* Jamfile in Sources */,
				684249C3172C1C8A0087B5F4 /* otvalid.c in Sources */,
				684249D1172C1C8A0087B5F4 /* Jamfile in Sources */,
				684249D2172C1C8A0087B5F4 /* pcf.c in Sources */,
				684249DB172C1C8A0087B5F4 /* Jamfile in Sources */,
				684249DC172C1C8A0087B5F4 /* pfr.c in Sources */,
				684249ED172C1C8A0087B5F4 /* Jamfile in Sources */,
				684249EE172C1C8A0087B5F4 /* psaux.c in Sources */,
				684249FA172C1C8A0087B5F4 /* Jamfile in Sources */,
				684249FF172C1C8A0087B5F4 /* pshinter.c in Sources */,
				68424A07172C1C8A0087B5F4 /* Jamfile in Sources */,
				68424A0B172C1C8A0087B5F4 /* psnames.c in Sources */,
				68424A14172C1C8A0087B5F4 /* Jamfile in Sources */,
				68424A15172C1C8A0087B5F4 /* raster.c in Sources */,
				68424A19172C1C8A0087B5F4 /* Jamfile in Sources */,
				68424A1D172C1C8A0087B5F4 /* sfnt.c in Sources */,
				68424A39172C1C8A0087B5F4 /* Jamfile in Sources */,
				68424A3A172C1C8A0087B5F4 /* smooth.c in Sources */,
				68424A42172C1C8A0087B5F4 /* Jamfile in Sources */,
				68424A43172C1C8A0087B5F4 /* truetype.c in Sources */,
				68424A53172C1C8A0087B5F4 /* Jamfile in Sources */,
				68424A62172C1C8A0087B5F4 /* type1.c in Sources */,
				68424A63172C1C8A0087B5F4 /* Jamfile in Sources */,
				68424A6C172C1C8A0087B5F4 /* type42.c in Sources */,
				68424A6E172C1C8A0087B5F4 /* Jamfile in Sources */,
				68424A6F172C1C8A0087B5F4 /* winfnt.c in Sources */,
				68424A84172C20B90087B5F4 /* adler32.c in Sources */,
				68424A85172C20B90087B5F4 /* ftgzip.c in Sources */,
				68424A86172C20B90087B5F4 /* infblock.c in Sources */,
				68424A88172C20B90087B5F4 /* infcodes.c in Sources */,
				68424A8B172C20B90087B5F4 /* inflate.c in Sources */,
				68424A8C172C20B90087B5F4 /* inftrees.c in Sources */,
				68424A8E172C20B90087B5F4 /* infutil.c in Sources */,
				68424A90172C20B90087B5F4 /* Jamfile in Sources */,
				68424A93172C20B90087B5F4 /* zutil.c in Sources */,
				68424A96172C22D50087B5F4 /* ftmac.c in Sources */,
				68796B57172C28B2004FF998 /* ftapi.c in Sources */,
				68796B5A172C2944004FF998 /* ftinit.c in Sources */,
				68796B5C172C2997004FF998 /* ftsystem.c in Sources */,
				68796B5E172C29F5004FF998 /* ftglyph.c in Sources */,
				68796B62172C2A18004FF998 /* ftbbox.c in Sources */,
				68796B63172C2A18004FF998 /* ftbdf.c in Sources */,
				68796B64172C2A18004FF998 /* ftbitmap.c in Sources */,
			);
			runOnlyForDeploymentPostprocessing = 0;
		};
/* End PBXSourcesBuildPhase section */

/* Begin XCBuildConfiguration section */
		68CDBE4E172C136E00087E68 /* Debug */ = {
			isa = XCBuildConfiguration;
			buildSettings = {
				ALWAYS_SEARCH_USER_PATHS = NO;
				ARCHS = "$(ARCHS_STANDARD_64_BIT)";
				CLANG_CXX_LANGUAGE_STANDARD = "gnu++0x";
				CLANG_CXX_LIBRARY = "libc++";
				CLANG_WARN_CONSTANT_CONVERSION = YES;
				CLANG_WARN_EMPTY_BODY = YES;
				CLANG_WARN_ENUM_CONVERSION = YES;
				CLANG_WARN_INT_CONVERSION = YES;
				CLANG_WARN__DUPLICATE_METHOD_MATCH = YES;
				COPY_PHASE_STRIP = NO;
				GCC_C_LANGUAGE_STANDARD = gnu99;
				GCC_DYNAMIC_NO_PIC = NO;
				GCC_ENABLE_OBJC_EXCEPTIONS = YES;
				GCC_OPTIMIZATION_LEVEL = 0;
				GCC_PREPROCESSOR_DEFINITIONS = (
					"DEBUG=1",
					"$(inherited)",
				);
				GCC_SYMBOLS_PRIVATE_EXTERN = NO;
				GCC_WARN_64_TO_32_BIT_CONVERSION = YES;
				GCC_WARN_ABOUT_RETURN_TYPE = YES;
				GCC_WARN_UNINITIALIZED_AUTOS = YES;
				GCC_WARN_UNUSED_VARIABLE = YES;
				HEADER_SEARCH_PATHS = (
					$SRCROOT/../../include,
					$SRCROOT/../../src/base,
					$SRCROOT/include,
				);
				INFOPLIST_PREPROCESSOR_DEFINITIONS = FT2_BUILD_LIBRARY;
				MACOSX_DEPLOYMENT_TARGET = 10.8;
				ONLY_ACTIVE_ARCH = YES;
				SDKROOT = macosx;
			};
			name = Debug;
		};
		68CDBE4F172C136E00087E68 /* Release */ = {
			isa = XCBuildConfiguration;
			buildSettings = {
				ALWAYS_SEARCH_USER_PATHS = NO;
				ARCHS = "$(ARCHS_STANDARD_64_BIT)";
				CLANG_CXX_LANGUAGE_STANDARD = "gnu++0x";
				CLANG_CXX_LIBRARY = "libc++";
				CLANG_WARN_CONSTANT_CONVERSION = YES;
				CLANG_WARN_EMPTY_BODY = YES;
				CLANG_WARN_ENUM_CONVERSION = YES;
				CLANG_WARN_INT_CONVERSION = YES;
				CLANG_WARN__DUPLICATE_METHOD_MATCH = YES;
				COPY_PHASE_STRIP = YES;
				DEBUG_INFORMATION_FORMAT = "dwarf-with-dsym";
				GCC_C_LANGUAGE_STANDARD = gnu99;
				GCC_ENABLE_OBJC_EXCEPTIONS = YES;
				GCC_WARN_64_TO_32_BIT_CONVERSION = YES;
				GCC_WARN_ABOUT_RETURN_TYPE = YES;
				GCC_WARN_UNINITIALIZED_AUTOS = YES;
				GCC_WARN_UNUSED_VARIABLE = YES;
				HEADER_SEARCH_PATHS = (
					$SRCROOT/../../include,
					$SRCROOT/../../src/base,
					$SRCROOT/include,
				);
				INFOPLIST_PREPROCESSOR_DEFINITIONS = FT2_BUILD_LIBRARY;
				MACOSX_DEPLOYMENT_TARGET = 10.8;
				SDKROOT = macosx;
			};
			name = Release;
		};
		68CDBE51172C136E00087E68 /* Debug */ = {
			isa = XCBuildConfiguration;
			buildSettings = {
				EXECUTABLE_PREFIX = lib;
				GCC_PREPROCESSOR_DEFINITIONS = FT2_BUILD_LIBRARY;
				HEADER_SEARCH_PATHS = (
					$SRCROOT/../../include,
					$SRCROOT/../../src/base,
				);
				PRODUCT_NAME = "$(TARGET_NAME)";
			};
			name = Debug;
		};
		68CDBE52172C136E00087E68 /* Release */ = {
			isa = XCBuildConfiguration;
			buildSettings = {
				EXECUTABLE_PREFIX = lib;
				GCC_PREPROCESSOR_DEFINITIONS = FT2_BUILD_LIBRARY;
				HEADER_SEARCH_PATHS = (
					$SRCROOT/../../include,
					$SRCROOT/../../src/base,
				);
				PRODUCT_NAME = "$(TARGET_NAME)";
			};
			name = Release;
		};
/* End XCBuildConfiguration section */

/* Begin XCConfigurationList section */
		68CDBE47172C136E00087E68 /* Build configuration list for PBXProject "freetype" */ = {
			isa = XCConfigurationList;
			buildConfigurations = (
				68CDBE4E172C136E00087E68 /* Debug */,
				68CDBE4F172C136E00087E68 /* Release */,
			);
			defaultConfigurationIsVisible = 0;
			defaultConfigurationName = Release;
		};
		68CDBE50172C136E00087E68 /* Build configuration list for PBXNativeTarget "freetype" */ = {
			isa = XCConfigurationList;
			buildConfigurations = (
				68CDBE51172C136E00087E68 /* Debug */,
				68CDBE52172C136E00087E68 /* Release */,
			);
			defaultConfigurationIsVisible = 0;
			defaultConfigurationName = Release;
		};
/* End XCConfigurationList section */
	};
	rootObject = 68CDBE44172C136E00087E68 /* Project object */;
}
