
Microsoft Visual Studio Solution File, Format Version 11.00
# Visual C++ Express 2010
Project("{8BC9CEB8-8B4A-11D0-8D11-00A0C91BC942}") = "xstl", "xstl\xstl.vcxproj", "{3C930070-52B3-4277-8B1E-E33FEED7103E}"
EndProject
Global
	GlobalSection(SolutionConfigurationPlatforms) = preSolution
		Debug|Win32 = Debug|Win32
		Release|Win32 = Release|Win32
	EndGlobalSection
	GlobalSection(ProjectConfigurationPlatforms) = postSolution
		{3C930070-52B3-4277-8B1E-E33FEED7103E}.Debug|Win32.ActiveCfg = Debug|Win32
		{3C930070-52B3-4277-8B1E-E33FEED7103E}.Debug|Win32.Build.0 = Debug|Win32
		{3C930070-52B3-4277-8B1E-E33FEED7103E}.Release|Win32.ActiveCfg = Release|Win32
		{3C930070-52B3-4277-8B1E-E33FEED7103E}.Release|Win32.Build.0 = Release|Win32
	EndGlobalSection
	GlobalSection(SolutionProperties) = preSolution
		HideSolutionNode = FALSE
	EndGlobalSection
EndGlobal
