// !$*UTF8*$!
{
	archiveVersion = 1;
	classes = {
	};
	objectVersion = 46;
	objects = {

/* Begin PBXBuildFile section */
		6810DCB01723E10300F276F9 /* Cocoa.framework in Frameworks */ = {isa = PBXBuildFile; fileRef = 6810DCAF1723E10300F276F9 /* Cocoa.framework */; };
		6810DCBA1723E10300F276F9 /* InfoPlist.strings in Resources */ = {isa = PBXBuildFile; fileRef = 6810DCB81723E10300F276F9 /* InfoPlist.strings */; };
		6810DCBC1723E10300F276F9 /* main.m in Sources */ = {isa = PBXBuildFile; fileRef = 6810DCBB1723E10300F276F9 /* main.m */; };
		6810DCC01723E10300F276F9 /* Credits.rtf in Resources */ = {isa = PBXBuildFile; fileRef = 6810DCBE1723E10300F276F9 /* Credits.rtf */; };
		6810DCC31723E10300F276F9 /* AppDelegate.m in Sources */ = {isa = PBXBuildFile; fileRef = 6810DCC21723E10300F276F9 /* AppDelegate.m */; };
		6810DCC61723E10300F276F9 /* MainMenu.xib in Resources */ = {isa = PBXBuildFile; fileRef = 6810DCC41723E10300F276F9 /* MainMenu.xib */; };
		687DA2A417257F97000218FA /* eassert.cpp in Sources */ = {isa = PBXBuildFile; fileRef = 687DA27C17257F97000218FA /* eassert.cpp */; };
		687DA2A617257F97000218FA /* elog.cpp in Sources */ = {isa = PBXBuildFile; fileRef = 687DA27E17257F97000218FA /* elog.cpp */; };
		687DA2A717257F97000218FA /* emem.cpp in Sources */ = {isa = PBXBuildFile; fileRef = 687DA27F17257F97000218FA /* emem.cpp */; };
		687DA2A817257F97000218FA /* emem2.cpp in Sources */ = {isa = PBXBuildFile; fileRef = 687DA28017257F97000218FA /* emem2.cpp */; };
		687DA2AB17257F97000218FA /* estring.cpp in Sources */ = {isa = PBXBuildFile; fileRef = 687DA28317257F97000218FA /* estring.cpp */; };
		687DA2AC17257F97000218FA /* exception.cpp in Sources */ = {isa = PBXBuildFile; fileRef = 687DA28417257F97000218FA /* exception.cpp */; };
		687DA2AD17257F97000218FA /* gc_test.cpp in Sources */ = {isa = PBXBuildFile; fileRef = 687DA28517257F97000218FA /* gc_test.cpp */; };
		687DA2B117257F97000218FA /* hash.cpp in Sources */ = {isa = PBXBuildFile; fileRef = 687DA28917257F97000218FA /* hash.cpp */; };
		687DA2B317257F97000218FA /* list.cpp in Sources */ = {isa = PBXBuildFile; fileRef = 687DA28B17257F97000218FA /* list.cpp */; };
		687DA2B717257F97000218FA /* path.cpp in Sources */ = {isa = PBXBuildFile; fileRef = 687DA28F17257F97000218FA /* path.cpp */; };
		687DA2B817257F97000218FA /* pch.cpp in Sources */ = {isa = PBXBuildFile; fileRef = 687DA29017257F97000218FA /* pch.cpp */; };
		687DA2B917257F97000218FA /* resource_node.cpp in Sources */ = {isa = PBXBuildFile; fileRef = 687DA29117257F97000218FA /* resource_node.cpp */; };
		687DA2BA17257F97000218FA /* rtti.cpp in Sources */ = {isa = PBXBuildFile; fileRef = 687DA29217257F97000218FA /* rtti.cpp */; };
		687DA2BC17257F97000218FA /* rwbuffer.cpp in Sources */ = {isa = PBXBuildFile; fileRef = 687DA29417257F97000218FA /* rwbuffer.cpp */; };
		687DA2BE17257F97000218FA /* stack.cpp in Sources */ = {isa = PBXBuildFile; fileRef = 687DA29617257F97000218FA /* stack.cpp */; };
		687DA2C017257F97000218FA /* tree.cpp in Sources */ = {isa = PBXBuildFile; fileRef = 687DA29817257F97000218FA /* tree.cpp */; };
		687DA2C117257F97000218FA /* xhn_static_string.cpp in Sources */ = {isa = PBXBuildFile; fileRef = 687DA29917257F97000218FA /* xhn_static_string.cpp */; };
		687DA2C217257F97000218FA /* xhn_test.cpp in Sources */ = {isa = PBXBuildFile; fileRef = 687DA29A17257F97000218FA /* xhn_test.cpp */; };
/* End PBXBuildFile section */

/* Begin PBXFileReference section */
		6810DCAF1723E10300F276F9 /* Cocoa.framework */ = {isa = PBXFileReference; lastKnownFileType = wrapper.framework; name = Cocoa.framework; path = System/Library/Frameworks/Cocoa.framework; sourceTree = SDKROOT; };
		6810DCB21723E10300F276F9 /* AppKit.framework */ = {isa = PBXFileReference; lastKnownFileType = wrapper.framework; name = AppKit.framework; path = System/Library/Frameworks/AppKit.framework; sourceTree = SDKROOT; };
		6810DCB31723E10300F276F9 /* CoreData.framework */ = {isa = PBXFileReference; lastKnownFileType = wrapper.framework; name = CoreData.framework; path = System/Library/Frameworks/CoreData.framework; sourceTree = SDKROOT; };
		6810DCB41723E10300F276F9 /* Foundation.framework */ = {isa = PBXFileReference; lastKnownFileType = wrapper.framework; name = Foundation.framework; path = System/Library/Frameworks/Foundation.framework; sourceTree = SDKROOT; };
		6810DCB71723E10300F276F9 /* ecg-Info.plist */ = {isa = PBXFileReference; lastKnownFileType = text.plist.xml; path = "ecg-Info.plist"; sourceTree = "<group>"; };
		6810DCB91723E10300F276F9 /* en */ = {isa = PBXFileReference; lastKnownFileType = text.plist.strings; name = en; path = en.lproj/InfoPlist.strings; sourceTree = "<group>"; };
		6810DCBB1723E10300F276F9 /* main.m */ = {isa = PBXFileReference; lastKnownFileType = sourcecode.c.objc; path = main.m; sourceTree = "<group>"; };
		6810DCBF1723E10300F276F9 /* en */ = {isa = PBXFileReference; lastKnownFileType = text.rtf; name = en; path = en.lproj/Credits.rtf; sourceTree = "<group>"; };
		6810DCC11723E10300F276F9 /* AppDelegate.h */ = {isa = PBXFileReference; lastKnownFileType = sourcecode.c.h; path = AppDelegate.h; sourceTree = "<group>"; };
		6810DCC21723E10300F276F9 /* AppDelegate.m */ = {isa = PBXFileReference; lastKnownFileType = sourcecode.c.objc; path = AppDelegate.m; sourceTree = "<group>"; };
		6810DCC51723E10300F276F9 /* en */ = {isa = PBXFileReference; lastKnownFileType = file.xib; name = en; path = en.lproj/MainMenu.xib; sourceTree = "<group>"; };
		687DA1BE172572B8000218FA /* ecg.app */ = {isa = PBXFileReference; explicitFileType = wrapper.application; includeInIndex = 0; path = ecg.app; sourceTree = BUILT_PRODUCTS_DIR; };
		687DA1BF17257903000218FA /* ecg-Prefix.pch */ = {isa = PBXFileReference; fileEncoding = 4; lastKnownFileType = sourcecode.c.h; path = "ecg-Prefix.pch"; sourceTree = "<group>"; };
		687DA24617257F96000218FA /* array.h */ = {isa = PBXFileReference; fileEncoding = 4; lastKnownFileType = sourcecode.c.h; path = array.h; sourceTree = "<group>"; };
		687DA24717257F96000218FA /* common.h */ = {isa = PBXFileReference; fileEncoding = 4; lastKnownFileType = sourcecode.c.h; path = common.h; sourceTree = "<group>"; };
		687DA24817257F96000218FA /* comparison_algorithm.h */ = {isa = PBXFileReference; fileEncoding = 4; lastKnownFileType = sourcecode.c.h; path = comparison_algorithm.h; sourceTree = "<group>"; };
		687DA24917257F96000218FA /* container.h */ = {isa = PBXFileReference; fileEncoding = 4; lastKnownFileType = sourcecode.c.h; path = container.h; sourceTree = "<group>"; };
		687DA24A17257F96000218FA /* eassert.h */ = {isa = PBXFileReference; fileEncoding = 4; lastKnownFileType = sourcecode.c.h; path = eassert.h; sourceTree = "<group>"; };
		687DA24B17257F96000218FA /* elog.h */ = {isa = PBXFileReference; fileEncoding = 4; lastKnownFileType = sourcecode.c.h; path = elog.h; sourceTree = "<group>"; };
		687DA24C17257F96000218FA /* emem.h */ = {isa = PBXFileReference; fileEncoding = 4; lastKnownFileType = sourcecode.c.h; path = emem.h; sourceTree = "<group>"; };
		687DA24D17257F96000218FA /* emem.hpp */ = {isa = PBXFileReference; fileEncoding = 4; lastKnownFileType = sourcecode.cpp.h; path = emem.hpp; sourceTree = "<group>"; };
		687DA24E17257F97000218FA /* emem2.h */ = {isa = PBXFileReference; fileEncoding = 4; lastKnownFileType = sourcecode.c.h; path = emem2.h; sourceTree = "<group>"; };
		687DA24F17257F97000218FA /* esignal.h */ = {isa = PBXFileReference; fileEncoding = 4; lastKnownFileType = sourcecode.c.h; path = esignal.h; sourceTree = "<group>"; };
		687DA25017257F97000218FA /* estring.h */ = {isa = PBXFileReference; fileEncoding = 4; lastKnownFileType = sourcecode.c.h; path = estring.h; sourceTree = "<group>"; };
		687DA25117257F97000218FA /* etypes.h */ = {isa = PBXFileReference; fileEncoding = 4; lastKnownFileType = sourcecode.c.h; path = etypes.h; sourceTree = "<group>"; };
		687DA25217257F97000218FA /* exception.h */ = {isa = PBXFileReference; fileEncoding = 4; lastKnownFileType = sourcecode.c.h; path = exception.h; sourceTree = "<group>"; };
		687DA25317257F97000218FA /* gc_test.h */ = {isa = PBXFileReference; fileEncoding = 4; lastKnownFileType = sourcecode.c.h; path = gc_test.h; sourceTree = "<group>"; };
		687DA25517257F97000218FA /* hash.h */ = {isa = PBXFileReference; fileEncoding = 4; lastKnownFileType = sourcecode.c.h; path = hash.h; sourceTree = "<group>"; };
		687DA25617257F97000218FA /* list.h */ = {isa = PBXFileReference; fileEncoding = 4; lastKnownFileType = sourcecode.c.h; path = list.h; sourceTree = "<group>"; };
		687DA25717257F97000218FA /* list_base.h */ = {isa = PBXFileReference; fileEncoding = 4; lastKnownFileType = sourcecode.c.h; path = list_base.h; sourceTree = "<group>"; };
		687DA25817257F97000218FA /* map.hpp */ = {isa = PBXFileReference; fileEncoding = 4; lastKnownFileType = sourcecode.cpp.h; path = map.hpp; sourceTree = "<group>"; };
		687DA25917257F97000218FA /* mem.h */ = {isa = PBXFileReference; fileEncoding = 4; lastKnownFileType = sourcecode.c.h; path = mem.h; sourceTree = "<group>"; };
		687DA25A17257F97000218FA /* parser.h */ = {isa = PBXFileReference; fileEncoding = 4; lastKnownFileType = sourcecode.c.h; path = parser.h; sourceTree = "<group>"; };
		687DA25B17257F97000218FA /* path.h */ = {isa = PBXFileReference; fileEncoding = 4; lastKnownFileType = sourcecode.c.h; path = path.h; sourceTree = "<group>"; };
		687DA25C17257F97000218FA /* pch.h */ = {isa = PBXFileReference; fileEncoding = 4; lastKnownFileType = sourcecode.c.h; path = pch.h; sourceTree = "<group>"; };
		687DA26117257F97000218FA /* resource_node.h */ = {isa = PBXFileReference; fileEncoding = 4; lastKnownFileType = sourcecode.c.h; path = resource_node.h; sourceTree = "<group>"; };
		687DA26217257F97000218FA /* rtti.hpp */ = {isa = PBXFileReference; fileEncoding = 4; lastKnownFileType = sourcecode.cpp.h; path = rtti.hpp; sourceTree = "<group>"; };
		687DA26317257F97000218FA /* rwbuffer.h */ = {isa = PBXFileReference; fileEncoding = 4; lastKnownFileType = sourcecode.c.h; path = rwbuffer.h; sourceTree = "<group>"; };
		687DA26417257F97000218FA /* stack.h */ = {isa = PBXFileReference; fileEncoding = 4; lastKnownFileType = sourcecode.c.h; path = stack.h; sourceTree = "<group>"; };
		687DA26517257F97000218FA /* timer.h */ = {isa = PBXFileReference; fileEncoding = 4; lastKnownFileType = sourcecode.c.h; path = timer.h; sourceTree = "<group>"; };
		687DA26617257F97000218FA /* tree.h */ = {isa = PBXFileReference; fileEncoding = 4; lastKnownFileType = sourcecode.c.h; path = tree.h; sourceTree = "<group>"; };
		687DA26717257F97000218FA /* xhn_hash_map.hpp */ = {isa = PBXFileReference; fileEncoding = 4; lastKnownFileType = sourcecode.cpp.h; path = xhn_hash_map.hpp; sourceTree = "<group>"; };
		687DA26817257F97000218FA /* xhn_hash_set.hpp */ = {isa = PBXFileReference; fileEncoding = 4; lastKnownFileType = sourcecode.cpp.h; path = xhn_hash_set.hpp; sourceTree = "<group>"; };
		687DA26917257F97000218FA /* xhn_iterator.hpp */ = {isa = PBXFileReference; fileEncoding = 4; lastKnownFileType = sourcecode.cpp.h; path = xhn_iterator.hpp; sourceTree = "<group>"; };
		687DA26A17257F97000218FA /* xhn_list.hpp */ = {isa = PBXFileReference; fileEncoding = 4; lastKnownFileType = sourcecode.cpp.h; path = xhn_list.hpp; sourceTree = "<group>"; };
		687DA26B17257F97000218FA /* xhn_lock.hpp */ = {isa = PBXFileReference; fileEncoding = 4; lastKnownFileType = sourcecode.cpp.h; path = xhn_lock.hpp; sourceTree = "<group>"; };
		687DA26C17257F97000218FA /* xhn_map.hpp */ = {isa = PBXFileReference; fileEncoding = 4; lastKnownFileType = sourcecode.cpp.h; path = xhn_map.hpp; sourceTree = "<group>"; };
		687DA26D17257F97000218FA /* xhn_pair.hpp */ = {isa = PBXFileReference; fileEncoding = 4; lastKnownFileType = sourcecode.cpp.h; path = xhn_pair.hpp; sourceTree = "<group>"; };
		687DA26E17257F97000218FA /* xhn_rbtree.hpp */ = {isa = PBXFileReference; fileEncoding = 4; lastKnownFileType = sourcecode.cpp.h; path = xhn_rbtree.hpp; sourceTree = "<group>"; };
		687DA26F17257F97000218FA /* xhn_set.hpp */ = {isa = PBXFileReference; fileEncoding = 4; lastKnownFileType = sourcecode.cpp.h; path = xhn_set.hpp; sourceTree = "<group>"; };
		687DA27017257F97000218FA /* xhn_smart_ptr.hpp */ = {isa = PBXFileReference; fileEncoding = 4; lastKnownFileType = sourcecode.cpp.h; path = xhn_smart_ptr.hpp; sourceTree = "<group>"; };
		687DA27117257F97000218FA /* xhn_static_string.hpp */ = {isa = PBXFileReference; fileEncoding = 4; lastKnownFileType = sourcecode.cpp.h; path = xhn_static_string.hpp; sourceTree = "<group>"; };
		687DA27217257F97000218FA /* xhn_string.hpp */ = {isa = PBXFileReference; fileEncoding = 4; lastKnownFileType = sourcecode.cpp.h; path = xhn_string.hpp; sourceTree = "<group>"; };
		687DA27317257F97000218FA /* xhn_string_base.hpp */ = {isa = PBXFileReference; fileEncoding = 4; lastKnownFileType = sourcecode.cpp.h; path = xhn_string_base.hpp; sourceTree = "<group>"; };
		687DA27417257F97000218FA /* xhn_test.hpp */ = {isa = PBXFileReference; fileEncoding = 4; lastKnownFileType = sourcecode.cpp.h; path = xhn_test.hpp; sourceTree = "<group>"; };
		687DA27517257F97000218FA /* xhn_utility.hpp */ = {isa = PBXFileReference; fileEncoding = 4; lastKnownFileType = sourcecode.cpp.h; path = xhn_utility.hpp; sourceTree = "<group>"; };
		687DA27617257F97000218FA /* xhn_vector.hpp */ = {isa = PBXFileReference; fileEncoding = 4; lastKnownFileType = sourcecode.cpp.h; path = xhn_vector.hpp; sourceTree = "<group>"; };
		687DA27717257F97000218FA /* xhn_void_vector.hpp */ = {isa = PBXFileReference; fileEncoding = 4; lastKnownFileType = sourcecode.cpp.h; path = xhn_void_vector.hpp; sourceTree = "<group>"; };
		687DA27C17257F97000218FA /* eassert.cpp */ = {isa = PBXFileReference; fileEncoding = 4; lastKnownFileType = sourcecode.cpp.cpp; path = eassert.cpp; sourceTree = "<group>"; };
		687DA27E17257F97000218FA /* elog.cpp */ = {isa = PBXFileReference; fileEncoding = 4; lastKnownFileType = sourcecode.cpp.cpp; path = elog.cpp; sourceTree = "<group>"; };
		687DA27F17257F97000218FA /* emem.cpp */ = {isa = PBXFileReference; fileEncoding = 4; lastKnownFileType = sourcecode.cpp.cpp; path = emem.cpp; sourceTree = "<group>"; };
		687DA28017257F97000218FA /* emem2.cpp */ = {isa = PBXFileReference; fileEncoding = 4; lastKnownFileType = sourcecode.cpp.cpp; path = emem2.cpp; sourceTree = "<group>"; };
		687DA28317257F97000218FA /* estring.cpp */ = {isa = PBXFileReference; fileEncoding = 4; lastKnownFileType = sourcecode.cpp.cpp; path = estring.cpp; sourceTree = "<group>"; };
		687DA28417257F97000218FA /* exception.cpp */ = {isa = PBXFileReference; fileEncoding = 4; lastKnownFileType = sourcecode.cpp.cpp; path = exception.cpp; sourceTree = "<group>"; };
		687DA28517257F97000218FA /* gc_test.cpp */ = {isa = PBXFileReference; fileEncoding = 4; lastKnownFileType = sourcecode.cpp.cpp; path = gc_test.cpp; sourceTree = "<group>"; };
		687DA28917257F97000218FA /* hash.cpp */ = {isa = PBXFileReference; fileEncoding = 4; lastKnownFileType = sourcecode.cpp.cpp; path = hash.cpp; sourceTree = "<group>"; };
		687DA28B17257F97000218FA /* list.cpp */ = {isa = PBXFileReference; fileEncoding = 4; lastKnownFileType = sourcecode.cpp.cpp; path = list.cpp; sourceTree = "<group>"; };
		687DA28F17257F97000218FA /* path.cpp */ = {isa = PBXFileReference; fileEncoding = 4; lastKnownFileType = sourcecode.cpp.cpp; path = path.cpp; sourceTree = "<group>"; };
		687DA29017257F97000218FA /* pch.cpp */ = {isa = PBXFileReference; fileEncoding = 4; lastKnownFileType = sourcecode.cpp.cpp; path = pch.cpp; sourceTree = "<group>"; };
		687DA29117257F97000218FA /* resource_node.cpp */ = {isa = PBXFileReference; fileEncoding = 4; lastKnownFileType = sourcecode.cpp.cpp; path = resource_node.cpp; sourceTree = "<group>"; };
		687DA29217257F97000218FA /* rtti.cpp */ = {isa = PBXFileReference; fileEncoding = 4; lastKnownFileType = sourcecode.cpp.cpp; path = rtti.cpp; sourceTree = "<group>"; };
		687DA29417257F97000218FA /* rwbuffer.cpp */ = {isa = PBXFileReference; fileEncoding = 4; lastKnownFileType = sourcecode.cpp.cpp; path = rwbuffer.cpp; sourceTree = "<group>"; };
		687DA29617257F97000218FA /* stack.cpp */ = {isa = PBXFileReference; fileEncoding = 4; lastKnownFileType = sourcecode.cpp.cpp; path = stack.cpp; sourceTree = "<group>"; };
		687DA29817257F97000218FA /* tree.cpp */ = {isa = PBXFileReference; fileEncoding = 4; lastKnownFileType = sourcecode.cpp.cpp; path = tree.cpp; sourceTree = "<group>"; };
		687DA29917257F97000218FA /* xhn_static_string.cpp */ = {isa = PBXFileReference; fileEncoding = 4; lastKnownFileType = sourcecode.cpp.cpp; path = xhn_static_string.cpp; sourceTree = "<group>"; };
		687DA29A17257F97000218FA /* xhn_test.cpp */ = {isa = PBXFileReference; fileEncoding = 4; lastKnownFileType = sourcecode.cpp.cpp; path = xhn_test.cpp; sourceTree = "<group>"; };
/* End PBXFileReference section */

/* Begin PBXFrameworksBuildPhase section */
		6810DCA91723E10300F276F9 /* Frameworks */ = {
			isa = PBXFrameworksBuildPhase;
			buildActionMask = 2147483647;
			files = (
				6810DCB01723E10300F276F9 /* Cocoa.framework in Frameworks */,
			);
			runOnlyForDeploymentPostprocessing = 0;
		};
/* End PBXFrameworksBuildPhase section */

/* Begin PBXGroup section */
		6810DCA31723E10300F276F9 = {
			isa = PBXGroup;
			children = (
				6810DCB51723E10300F276F9 /* ecg */,
				6810DCAE1723E10300F276F9 /* Frameworks */,
				687DA1BE172572B8000218FA /* ecg.app */,
			);
			sourceTree = "<group>";
		};
		6810DCAE1723E10300F276F9 /* Frameworks */ = {
			isa = PBXGroup;
			children = (
				6810DCAF1723E10300F276F9 /* Cocoa.framework */,
				6810DCB11723E10300F276F9 /* Other Frameworks */,
			);
			name = Frameworks;
			sourceTree = "<group>";
		};
		6810DCB11723E10300F276F9 /* Other Frameworks */ = {
			isa = PBXGroup;
			children = (
				6810DCB21723E10300F276F9 /* AppKit.framework */,
				6810DCB31723E10300F276F9 /* CoreData.framework */,
				6810DCB41723E10300F276F9 /* Foundation.framework */,
			);
			name = "Other Frameworks";
			sourceTree = "<group>";
		};
		6810DCB51723E10300F276F9 /* ecg */ = {
			isa = PBXGroup;
			children = (
				687DA24317257F96000218FA /* common */,
				6810DCC11723E10300F276F9 /* AppDelegate.h */,
				6810DCC21723E10300F276F9 /* AppDelegate.m */,
				6810DCC41723E10300F276F9 /* MainMenu.xib */,
				6810DCB61723E10300F276F9 /* Supporting Files */,
				687DA1BF17257903000218FA /* ecg-Prefix.pch */,
			);
			path = ecg;
			sourceTree = "<group>";
		};
		6810DCB61723E10300F276F9 /* Supporting Files */ = {
			isa = PBXGroup;
			children = (
				6810DCB71723E10300F276F9 /* ecg-Info.plist */,
				6810DCB81723E10300F276F9 /* InfoPlist.strings */,
				6810DCBB1723E10300F276F9 /* main.m */,
				6810DCBE1723E10300F276F9 /* Credits.rtf */,
			);
			name = "Supporting Files";
			sourceTree = "<group>";
		};
		687DA24317257F96000218FA /* common */ = {
			isa = PBXGroup;
			children = (
				687DA24517257F96000218FA /* include */,
				687DA27A17257F97000218FA /* src */,
			);
			path = common;
			sourceTree = SOURCE_ROOT;
		};
		687DA24517257F96000218FA /* include */ = {
			isa = PBXGroup;
			children = (
				687DA24617257F96000218FA /* array.h */,
				687DA24717257F96000218FA /* common.h */,
				687DA24817257F96000218FA /* comparison_algorithm.h */,
				687DA24917257F96000218FA /* container.h */,
				687DA24A17257F96000218FA /* eassert.h */,
				687DA24B17257F96000218FA /* elog.h */,
				687DA24C17257F96000218FA /* emem.h */,
				687DA24D17257F96000218FA /* emem.hpp */,
				687DA24E17257F97000218FA /* emem2.h */,
				687DA24F17257F97000218FA /* esignal.h */,
				687DA25017257F97000218FA /* estring.h */,
				687DA25117257F97000218FA /* etypes.h */,
				687DA25217257F97000218FA /* exception.h */,
				687DA25317257F97000218FA /* gc_test.h */,
				687DA25517257F97000218FA /* hash.h */,
				687DA25617257F97000218FA /* list.h */,
				687DA25717257F97000218FA /* list_base.h */,
				687DA25817257F97000218FA /* map.hpp */,
				687DA25917257F97000218FA /* mem.h */,
				687DA25A17257F97000218FA /* parser.h */,
				687DA25B17257F97000218FA /* path.h */,
				687DA25C17257F97000218FA /* pch.h */,
				687DA26117257F97000218FA /* resource_node.h */,
				687DA26217257F97000218FA /* rtti.hpp */,
				687DA26317257F97000218FA /* rwbuffer.h */,
				687DA26417257F97000218FA /* stack.h */,
				687DA26517257F97000218FA /* timer.h */,
				687DA26617257F97000218FA /* tree.h */,
				687DA26717257F97000218FA /* xhn_hash_map.hpp */,
				687DA26817257F97000218FA /* xhn_hash_set.hpp */,
				687DA26917257F97000218FA /* xhn_iterator.hpp */,
				687DA26A17257F97000218FA /* xhn_list.hpp */,
				687DA26B17257F97000218FA /* xhn_lock.hpp */,
				687DA26C17257F97000218FA /* xhn_map.hpp */,
				687DA26D17257F97000218FA /* xhn_pair.hpp */,
				687DA26E17257F97000218FA /* xhn_rbtree.hpp */,
				687DA26F17257F97000218FA /* xhn_set.hpp */,
				687DA27017257F97000218FA /* xhn_smart_ptr.hpp */,
				687DA27117257F97000218FA /* xhn_static_string.hpp */,
				687DA27217257F97000218FA /* xhn_string.hpp */,
				687DA27317257F97000218FA /* xhn_string_base.hpp */,
				687DA27417257F97000218FA /* xhn_test.hpp */,
				687DA27517257F97000218FA /* xhn_utility.hpp */,
				687DA27617257F97000218FA /* xhn_vector.hpp */,
				687DA27717257F97000218FA /* xhn_void_vector.hpp */,
			);
			path = include;
			sourceTree = "<group>";
		};
		687DA27A17257F97000218FA /* src */ = {
			isa = PBXGroup;
			children = (
				687DA27C17257F97000218FA /* eassert.cpp */,
				687DA27E17257F97000218FA /* elog.cpp */,
				687DA27F17257F97000218FA /* emem.cpp */,
				687DA28017257F97000218FA /* emem2.cpp */,
				687DA28317257F97000218FA /* estring.cpp */,
				687DA28417257F97000218FA /* exception.cpp */,
				687DA28517257F97000218FA /* gc_test.cpp */,
				687DA28917257F97000218FA /* hash.cpp */,
				687DA28B17257F97000218FA /* list.cpp */,
				687DA28F17257F97000218FA /* path.cpp */,
				687DA29017257F97000218FA /* pch.cpp */,
				687DA29117257F97000218FA /* resource_node.cpp */,
				687DA29217257F97000218FA /* rtti.cpp */,
				687DA29417257F97000218FA /* rwbuffer.cpp */,
				687DA29617257F97000218FA /* stack.cpp */,
				687DA29817257F97000218FA /* tree.cpp */,
				687DA29917257F97000218FA /* xhn_static_string.cpp */,
				687DA29A17257F97000218FA /* xhn_test.cpp */,
			);
			path = src;
			sourceTree = "<group>";
		};
/* End PBXGroup section */

/* Begin PBXNativeTarget section */
		6810DCAB1723E10300F276F9 /* ecg */ = {
			isa = PBXNativeTarget;
			buildConfigurationList = 6810DCC91723E10300F276F9 /* Build configuration list for PBXNativeTarget "ecg" */;
			buildPhases = (
				6810DCA81723E10300F276F9 /* Sources */,
				6810DCA91723E10300F276F9 /* Frameworks */,
				6810DCAA1723E10300F276F9 /* Resources */,
			);
			buildRules = (
			);
			dependencies = (
			);
			name = ecg;
			productName = ecg;
			productReference = 687DA1BE172572B8000218FA /* ecg.app */;
			productType = "com.apple.product-type.application";
		};
/* End PBXNativeTarget section */

/* Begin PBXProject section */
		6810DCA41723E10300F276F9 /* Project object */ = {
			isa = PBXProject;
			attributes = {
				LastUpgradeCheck = 0460;
				ORGANIZATIONNAME = "徐 海宁";
			};
			buildConfigurationList = 6810DCA71723E10300F276F9 /* Build configuration list for PBXProject "ecg" */;
			compatibilityVersion = "Xcode 3.2";
			developmentRegion = English;
			hasScannedForEncodings = 0;
			knownRegions = (
				en,
			);
			mainGroup = 6810DCA31723E10300F276F9;
			productRefGroup = 6810DCA31723E10300F276F9;
			projectDirPath = "";
			projectRoot = "";
			targets = (
				6810DCAB1723E10300F276F9 /* ecg */,
			);
		};
/* End PBXProject section */

/* Begin PBXResourcesBuildPhase section */
		6810DCAA1723E10300F276F9 /* Resources */ = {
			isa = PBXResourcesBuildPhase;
			buildActionMask = 2147483647;
			files = (
				6810DCBA1723E10300F276F9 /* InfoPlist.strings in Resources */,
				6810DCC01723E10300F276F9 /* Credits.rtf in Resources */,
				6810DCC61723E10300F276F9 /* MainMenu.xib in Resources */,
			);
			runOnlyForDeploymentPostprocessing = 0;
		};
/* End PBXResourcesBuildPhase section */

/* Begin PBXSourcesBuildPhase section */
		6810DCA81723E10300F276F9 /* Sources */ = {
			isa = PBXSourcesBuildPhase;
			buildActionMask = 2147483647;
			files = (
				6810DCBC1723E10300F276F9 /* main.m in Sources */,
				6810DCC31723E10300F276F9 /* AppDelegate.m in Sources */,
				687DA2A417257F97000218FA /* eassert.cpp in Sources */,
				687DA2A617257F97000218FA /* elog.cpp in Sources */,
				687DA2A717257F97000218FA /* emem.cpp in Sources */,
				687DA2A817257F97000218FA /* emem2.cpp in Sources */,
				687DA2AB17257F97000218FA /* estring.cpp in Sources */,
				687DA2AC17257F97000218FA /* exception.cpp in Sources */,
				687DA2AD17257F97000218FA /* gc_test.cpp in Sources */,
				687DA2B117257F97000218FA /* hash.cpp in Sources */,
				687DA2B317257F97000218FA /* list.cpp in Sources */,
				687DA2B717257F97000218FA /* path.cpp in Sources */,
				687DA2B817257F97000218FA /* pch.cpp in Sources */,
				687DA2B917257F97000218FA /* resource_node.cpp in Sources */,
				687DA2BA17257F97000218FA /* rtti.cpp in Sources */,
				687DA2BC17257F97000218FA /* rwbuffer.cpp in Sources */,
				687DA2BE17257F97000218FA /* stack.cpp in Sources */,
				687DA2C017257F97000218FA /* tree.cpp in Sources */,
				687DA2C117257F97000218FA /* xhn_static_string.cpp in Sources */,
				687DA2C217257F97000218FA /* xhn_test.cpp in Sources */,
			);
			runOnlyForDeploymentPostprocessing = 0;
		};
/* End PBXSourcesBuildPhase section */

/* Begin PBXVariantGroup section */
		6810DCB81723E10300F276F9 /* InfoPlist.strings */ = {
			isa = PBXVariantGroup;
			children = (
				6810DCB91723E10300F276F9 /* en */,
			);
			name = InfoPlist.strings;
			sourceTree = "<group>";
		};
		6810DCBE1723E10300F276F9 /* Credits.rtf */ = {
			isa = PBXVariantGroup;
			children = (
				6810DCBF1723E10300F276F9 /* en */,
			);
			name = Credits.rtf;
			sourceTree = "<group>";
		};
		6810DCC41723E10300F276F9 /* MainMenu.xib */ = {
			isa = PBXVariantGroup;
			children = (
				6810DCC51723E10300F276F9 /* en */,
			);
			name = MainMenu.xib;
			sourceTree = "<group>";
		};
/* End PBXVariantGroup section */

/* Begin XCBuildConfiguration section */
		6810DCC71723E10300F276F9 /* Debug */ = {
			isa = XCBuildConfiguration;
			buildSettings = {
				ALWAYS_SEARCH_USER_PATHS = NO;
				ARCHS = "$(ARCHS_STANDARD_64_BIT)";
				CLANG_CXX_LANGUAGE_STANDARD = "gnu++0x";
				CLANG_CXX_LIBRARY = "libc++";
				CLANG_WARN_CONSTANT_CONVERSION = YES;
				CLANG_WARN_EMPTY_BODY = YES;
				CLANG_WARN_ENUM_CONVERSION = YES;
				CLANG_WARN_INT_CONVERSION = YES;
				CLANG_WARN__DUPLICATE_METHOD_MATCH = YES;
				COPY_PHASE_STRIP = NO;
				GCC_C_LANGUAGE_STANDARD = gnu99;
				GCC_DYNAMIC_NO_PIC = NO;
				GCC_ENABLE_OBJC_EXCEPTIONS = YES;
				GCC_OPTIMIZATION_LEVEL = 0;
				GCC_PREPROCESSOR_DEFINITIONS = (
					"DEBUG=1",
					"$(inherited)",
				);
				GCC_SYMBOLS_PRIVATE_EXTERN = NO;
				GCC_WARN_64_TO_32_BIT_CONVERSION = YES;
				GCC_WARN_ABOUT_RETURN_TYPE = YES;
				GCC_WARN_UNINITIALIZED_AUTOS = YES;
				GCC_WARN_UNUSED_VARIABLE = YES;
				MACOSX_DEPLOYMENT_TARGET = 10.8;
				ONLY_ACTIVE_ARCH = YES;
				SDKROOT = macosx;
			};
			name = Debug;
		};
		6810DCC81723E10300F276F9 /* Release */ = {
			isa = XCBuildConfiguration;
			buildSettings = {
				ALWAYS_SEARCH_USER_PATHS = NO;
				ARCHS = "$(ARCHS_STANDARD_64_BIT)";
				CLANG_CXX_LANGUAGE_STANDARD = "gnu++0x";
				CLANG_CXX_LIBRARY = "libc++";
				CLANG_WARN_CONSTANT_CONVERSION = YES;
				CLANG_WARN_EMPTY_BODY = YES;
				CLANG_WARN_ENUM_CONVERSION = YES;
				CLANG_WARN_INT_CONVERSION = YES;
				CLANG_WARN__DUPLICATE_METHOD_MATCH = YES;
				COPY_PHASE_STRIP = YES;
				DEBUG_INFORMATION_FORMAT = "dwarf-with-dsym";
				GCC_C_LANGUAGE_STANDARD = gnu99;
				GCC_ENABLE_OBJC_EXCEPTIONS = YES;
				GCC_WARN_64_TO_32_BIT_CONVERSION = YES;
				GCC_WARN_ABOUT_RETURN_TYPE = YES;
				GCC_WARN_UNINITIALIZED_AUTOS = YES;
				GCC_WARN_UNUSED_VARIABLE = YES;
				MACOSX_DEPLOYMENT_TARGET = 10.8;
				SDKROOT = macosx;
			};
			name = Release;
		};
		6810DCCA1723E10300F276F9 /* Debug */ = {
			isa = XCBuildConfiguration;
			buildSettings = {
				COMBINE_HIDPI_IMAGES = YES;
				GCC_PRECOMPILE_PREFIX_HEADER = YES;
				GCC_PREFIX_HEADER = "ecg/ecg-Prefix.pch";
				HEADER_SEARCH_PATHS = $SRCROOT/common/include;
				INFOPLIST_FILE = "ecg/ecg-Info.plist";
				PRODUCT_NAME = "$(TARGET_NAME)";
				WRAPPER_EXTENSION = app;
			};
			name = Debug;
		};
		6810DCCB1723E10300F276F9 /* Release */ = {
			isa = XCBuildConfiguration;
			buildSettings = {
				COMBINE_HIDPI_IMAGES = YES;
				GCC_PRECOMPILE_PREFIX_HEADER = YES;
				GCC_PREFIX_HEADER = "ecg/ecg-Prefix.pch";
				HEADER_SEARCH_PATHS = $SRCROOT/common/include;
				INFOPLIST_FILE = "ecg/ecg-Info.plist";
				PRODUCT_NAME = "$(TARGET_NAME)";
				WRAPPER_EXTENSION = app;
			};
			name = Release;
		};
/* End XCBuildConfiguration section */

/* Begin XCConfigurationList section */
		6810DCA71723E10300F276F9 /* Build configuration list for PBXProject "ecg" */ = {
			isa = XCConfigurationList;
			buildConfigurations = (
				6810DCC71723E10300F276F9 /* Debug */,
				6810DCC81723E10300F276F9 /* Release */,
			);
			defaultConfigurationIsVisible = 0;
			defaultConfigurationName = Release;
		};
		6810DCC91723E10300F276F9 /* Build configuration list for PBXNativeTarget "ecg" */ = {
			isa = XCConfigurationList;
			buildConfigurations = (
				6810DCCA1723E10300F276F9 /* Debug */,
				6810DCCB1723E10300F276F9 /* Release */,
			);
			defaultConfigurationIsVisible = 0;
			defaultConfigurationName = Release;
		};
/* End XCConfigurationList section */
	};
	rootObject = 6810DCA41723E10300F276F9 /* Project object */;
}
