// !$*UTF8*$!
{
	archiveVersion = 1;
	classes = {
	};
	objectVersion = 46;
	objects = {

/* Begin PBXBuildFile section */
		689B12C7172F8E6500972582 /* Cocoa.framework in Frameworks */ = {isa = PBXBuildFile; fileRef = 689B12C6172F8E6500972582 /* Cocoa.framework */; };
		689B12D1172F8E6500972582 /* InfoPlist.strings in Resources */ = {isa = PBXBuildFile; fileRef = 689B12CF172F8E6500972582 /* InfoPlist.strings */; };
		689B12D3172F8E6500972582 /* main.m in Sources */ = {isa = PBXBuildFile; fileRef = 689B12D2172F8E6500972582 /* main.m */; };
		689B12D7172F8E6500972582 /* Credits.rtf in Resources */ = {isa = PBXBuildFile; fileRef = 689B12D5172F8E6500972582 /* Credits.rtf */; };
		689B12DA172F8E6500972582 /* AppDelegate.m in Sources */ = {isa = PBXBuildFile; fileRef = 689B12D9172F8E6500972582 /* AppDelegate.m */; };
		689B12DD172F8E6500972582 /* MainMenu.xib in Resources */ = {isa = PBXBuildFile; fileRef = 689B12DB172F8E6500972582 /* MainMenu.xib */; };
		689B12E5172F8EA800972582 /* MyView.m in Sources */ = {isa = PBXBuildFile; fileRef = 689B12E4172F8EA800972582 /* MyView.m */; };
		689B12E7172F8F0800972582 /* OpenGL.framework in Frameworks */ = {isa = PBXBuildFile; fileRef = 689B12E6172F8F0700972582 /* OpenGL.framework */; };
		689B12E9172F8F0F00972582 /* GLUT.framework in Frameworks */ = {isa = PBXBuildFile; fileRef = 689B12E8172F8F0F00972582 /* GLUT.framework */; };
		68A35BD9172FD6B0007D0C45 /* libfreetype.a in Frameworks */ = {isa = PBXBuildFile; fileRef = 68A35BD8172FD6B0007D0C45 /* libfreetype.a */; };
/* End PBXBuildFile section */

/* Begin PBXFileReference section */
		689B12C3172F8E6500972582 /* ecg.app */ = {isa = PBXFileReference; explicitFileType = wrapper.application; includeInIndex = 0; path = ecg.app; sourceTree = BUILT_PRODUCTS_DIR; };
		689B12C6172F8E6500972582 /* Cocoa.framework */ = {isa = PBXFileReference; lastKnownFileType = wrapper.framework; name = Cocoa.framework; path = System/Library/Frameworks/Cocoa.framework; sourceTree = SDKROOT; };
		689B12C9172F8E6500972582 /* AppKit.framework */ = {isa = PBXFileReference; lastKnownFileType = wrapper.framework; name = AppKit.framework; path = System/Library/Frameworks/AppKit.framework; sourceTree = SDKROOT; };
		689B12CA172F8E6500972582 /* CoreData.framework */ = {isa = PBXFileReference; lastKnownFileType = wrapper.framework; name = CoreData.framework; path = System/Library/Frameworks/CoreData.framework; sourceTree = SDKROOT; };
		689B12CB172F8E6500972582 /* Foundation.framework */ = {isa = PBXFileReference; lastKnownFileType = wrapper.framework; name = Foundation.framework; path = System/Library/Frameworks/Foundation.framework; sourceTree = SDKROOT; };
		689B12CE172F8E6500972582 /* ecg-Info.plist */ = {isa = PBXFileReference; lastKnownFileType = text.plist.xml; path = "ecg-Info.plist"; sourceTree = "<group>"; };
		689B12D0172F8E6500972582 /* en */ = {isa = PBXFileReference; lastKnownFileType = text.plist.strings; name = en; path = en.lproj/InfoPlist.strings; sourceTree = "<group>"; };
		689B12D2172F8E6500972582 /* main.m */ = {isa = PBXFileReference; lastKnownFileType = sourcecode.c.objc; path = main.m; sourceTree = "<group>"; };
		689B12D4172F8E6500972582 /* ecg-Prefix.pch */ = {isa = PBXFileReference; lastKnownFileType = sourcecode.c.h; path = "ecg-Prefix.pch"; sourceTree = "<group>"; };
		689B12D6172F8E6500972582 /* en */ = {isa = PBXFileReference; lastKnownFileType = text.rtf; name = en; path = en.lproj/Credits.rtf; sourceTree = "<group>"; };
		689B12D8172F8E6500972582 /* AppDelegate.h */ = {isa = PBXFileReference; lastKnownFileType = sourcecode.c.h; path = AppDelegate.h; sourceTree = "<group>"; };
		689B12D9172F8E6500972582 /* AppDelegate.m */ = {isa = PBXFileReference; lastKnownFileType = sourcecode.c.objc; path = AppDelegate.m; sourceTree = "<group>"; };
		689B12DC172F8E6500972582 /* en */ = {isa = PBXFileReference; lastKnownFileType = file.xib; name = en; path = en.lproj/MainMenu.xib; sourceTree = "<group>"; };
		689B12E3172F8EA800972582 /* MyView.h */ = {isa = PBXFileReference; fileEncoding = 4; lastKnownFileType = sourcecode.c.h; path = MyView.h; sourceTree = "<group>"; };
		689B12E4172F8EA800972582 /* MyView.m */ = {isa = PBXFileReference; fileEncoding = 4; lastKnownFileType = sourcecode.c.objc; path = MyView.m; sourceTree = "<group>"; };
		689B12E6172F8F0700972582 /* OpenGL.framework */ = {isa = PBXFileReference; lastKnownFileType = wrapper.framework; name = OpenGL.framework; path = System/Library/Frameworks/OpenGL.framework; sourceTree = SDKROOT; };
		689B12E8172F8F0F00972582 /* GLUT.framework */ = {isa = PBXFileReference; lastKnownFileType = wrapper.framework; name = GLUT.framework; path = System/Library/Frameworks/GLUT.framework; sourceTree = SDKROOT; };
		68A35BD8172FD6B0007D0C45 /* libfreetype.a */ = {isa = PBXFileReference; lastKnownFileType = archive.ar; name = libfreetype.a; path = "dependencies/freetype-2.4.11/libfreetype.a"; sourceTree = "<group>"; };
		68B9A204172FCDEF009CE8D7 /* libfreetype.a */ = {isa = PBXFileReference; lastKnownFileType = archive.ar; path = libfreetype.a; sourceTree = "<group>"; };
/* End PBXFileReference section */

/* Begin PBXFrameworksBuildPhase section */
		689B12C0172F8E6500972582 /* Frameworks */ = {
			isa = PBXFrameworksBuildPhase;
			buildActionMask = 2147483647;
			files = (
				68A35BD9172FD6B0007D0C45 /* libfreetype.a in Frameworks */,
				689B12E9172F8F0F00972582 /* GLUT.framework in Frameworks */,
				689B12E7172F8F0800972582 /* OpenGL.framework in Frameworks */,
				689B12C7172F8E6500972582 /* Cocoa.framework in Frameworks */,
			);
			runOnlyForDeploymentPostprocessing = 0;
		};
/* End PBXFrameworksBuildPhase section */

/* Begin PBXGroup section */
		689B12BA172F8E6500972582 = {
			isa = PBXGroup;
			children = (
				68A35BD8172FD6B0007D0C45 /* libfreetype.a */,
				68B9A204172FCDEF009CE8D7 /* libfreetype.a */,
				689B12CC172F8E6500972582 /* ecg */,
				689B12C5172F8E6500972582 /* Frameworks */,
				689B12C4172F8E6500972582 /* Products */,
			);
			sourceTree = "<group>";
		};
		689B12C4172F8E6500972582 /* Products */ = {
			isa = PBXGroup;
			children = (
				689B12C3172F8E6500972582 /* ecg.app */,
			);
			name = Products;
			sourceTree = "<group>";
		};
		689B12C5172F8E6500972582 /* Frameworks */ = {
			isa = PBXGroup;
			children = (
				689B12E6172F8F0700972582 /* OpenGL.framework */,
				689B12E8172F8F0F00972582 /* GLUT.framework */,
				689B12C6172F8E6500972582 /* Cocoa.framework */,
				689B12C8172F8E6500972582 /* Other Frameworks */,
			);
			name = Frameworks;
			sourceTree = "<group>";
		};
		689B12C8172F8E6500972582 /* Other Frameworks */ = {
			isa = PBXGroup;
			children = (
				689B12C9172F8E6500972582 /* AppKit.framework */,
				689B12CA172F8E6500972582 /* CoreData.framework */,
				689B12CB172F8E6500972582 /* Foundation.framework */,
			);
			name = "Other Frameworks";
			sourceTree = "<group>";
		};
		689B12CC172F8E6500972582 /* ecg */ = {
			isa = PBXGroup;
			children = (
				689B12EA172F8F7B00972582 /* cocoa */,
				689B12CD172F8E6500972582 /* Supporting Files */,
			);
			path = ecg;
			sourceTree = "<group>";
		};
		689B12CD172F8E6500972582 /* Supporting Files */ = {
			isa = PBXGroup;
			children = (
				689B12CE172F8E6500972582 /* ecg-Info.plist */,
				689B12CF172F8E6500972582 /* InfoPlist.strings */,
				689B12D2172F8E6500972582 /* main.m */,
				689B12D4172F8E6500972582 /* ecg-Prefix.pch */,
				689B12D5172F8E6500972582 /* Credits.rtf */,
			);
			name = "Supporting Files";
			sourceTree = "<group>";
		};
		689B12EA172F8F7B00972582 /* cocoa */ = {
			isa = PBXGroup;
			children = (
				689B12DB172F8E6500972582 /* MainMenu.xib */,
				689B12D9172F8E6500972582 /* AppDelegate.m */,
				689B12D8172F8E6500972582 /* AppDelegate.h */,
				689B12E4172F8EA800972582 /* MyView.m */,
				689B12E3172F8EA800972582 /* MyView.h */,
			);
			name = cocoa;
			sourceTree = "<group>";
		};
/* End PBXGroup section */

/* Begin PBXNativeTarget section */
		689B12C2172F8E6500972582 /* ecg */ = {
			isa = PBXNativeTarget;
			buildConfigurationList = 689B12E0172F8E6500972582 /* Build configuration list for PBXNativeTarget "ecg" */;
			buildPhases = (
				689B12BF172F8E6500972582 /* Sources */,
				689B12C0172F8E6500972582 /* Frameworks */,
				689B12C1172F8E6500972582 /* Resources */,
			);
			buildRules = (
			);
			dependencies = (
			);
			name = ecg;
			productName = ecg;
			productReference = 689B12C3172F8E6500972582 /* ecg.app */;
			productType = "com.apple.product-type.application";
		};
/* End PBXNativeTarget section */

/* Begin PBXProject section */
		689B12BB172F8E6500972582 /* Project object */ = {
			isa = PBXProject;
			attributes = {
				LastUpgradeCheck = 0460;
				ORGANIZATIONNAME = "徐 海宁";
			};
			buildConfigurationList = 689B12BE172F8E6500972582 /* Build configuration list for PBXProject "ecg" */;
			compatibilityVersion = "Xcode 3.2";
			developmentRegion = English;
			hasScannedForEncodings = 0;
			knownRegions = (
				en,
			);
			mainGroup = 689B12BA172F8E6500972582;
			productRefGroup = 689B12C4172F8E6500972582 /* Products */;
			projectDirPath = "";
			projectRoot = "";
			targets = (
				689B12C2172F8E6500972582 /* ecg */,
			);
		};
/* End PBXProject section */

/* Begin PBXResourcesBuildPhase section */
		689B12C1172F8E6500972582 /* Resources */ = {
			isa = PBXResourcesBuildPhase;
			buildActionMask = 2147483647;
			files = (
				689B12D1172F8E6500972582 /* InfoPlist.strings in Resources */,
				689B12D7172F8E6500972582 /* Credits.rtf in Resources */,
				689B12DD172F8E6500972582 /* MainMenu.xib in Resources */,
			);
			runOnlyForDeploymentPostprocessing = 0;
		};
/* End PBXResourcesBuildPhase section */

/* Begin PBXSourcesBuildPhase section */
		689B12BF172F8E6500972582 /* Sources */ = {
			isa = PBXSourcesBuildPhase;
			buildActionMask = 2147483647;
			files = (
				689B12D3172F8E6500972582 /* main.m in Sources */,
				689B12DA172F8E6500972582 /* AppDelegate.m in Sources */,
				689B12E5172F8EA800972582 /* MyView.m in Sources */,
			);
			runOnlyForDeploymentPostprocessing = 0;
		};
/* End PBXSourcesBuildPhase section */

/* Begin PBXVariantGroup section */
		689B12CF172F8E6500972582 /* InfoPlist.strings */ = {
			isa = PBXVariantGroup;
			children = (
				689B12D0172F8E6500972582 /* en */,
			);
			name = InfoPlist.strings;
			sourceTree = "<group>";
		};
		689B12D5172F8E6500972582 /* Credits.rtf */ = {
			isa = PBXVariantGroup;
			children = (
				689B12D6172F8E6500972582 /* en */,
			);
			name = Credits.rtf;
			sourceTree = "<group>";
		};
		689B12DB172F8E6500972582 /* MainMenu.xib */ = {
			isa = PBXVariantGroup;
			children = (
				689B12DC172F8E6500972582 /* en */,
			);
			name = MainMenu.xib;
			sourceTree = "<group>";
		};
/* End PBXVariantGroup section */

/* Begin XCBuildConfiguration section */
		689B12DE172F8E6500972582 /* Debug */ = {
			isa = XCBuildConfiguration;
			buildSettings = {
				ALWAYS_SEARCH_USER_PATHS = NO;
				ARCHS = "$(ARCHS_STANDARD_64_BIT)";
				CLANG_CXX_LANGUAGE_STANDARD = "gnu++0x";
				CLANG_CXX_LIBRARY = "libc++";
				CLANG_WARN_CONSTANT_CONVERSION = YES;
				CLANG_WARN_EMPTY_BODY = YES;
				CLANG_WARN_ENUM_CONVERSION = YES;
				CLANG_WARN_INT_CONVERSION = YES;
				CLANG_WARN__DUPLICATE_METHOD_MATCH = YES;
				COPY_PHASE_STRIP = NO;
				GCC_C_LANGUAGE_STANDARD = gnu99;
				GCC_DYNAMIC_NO_PIC = NO;
				GCC_ENABLE_OBJC_EXCEPTIONS = YES;
				GCC_OPTIMIZATION_LEVEL = 0;
				GCC_PREPROCESSOR_DEFINITIONS = (
					"DEBUG=1",
					"$(inherited)",
				);
				GCC_SYMBOLS_PRIVATE_EXTERN = NO;
				GCC_WARN_64_TO_32_BIT_CONVERSION = YES;
				GCC_WARN_ABOUT_RETURN_TYPE = YES;
				GCC_WARN_UNINITIALIZED_AUTOS = YES;
				GCC_WARN_UNUSED_VARIABLE = YES;
				MACOSX_DEPLOYMENT_TARGET = 10.8;
				ONLY_ACTIVE_ARCH = YES;
				SDKROOT = macosx;
			};
			name = Debug;
		};
		689B12DF172F8E6500972582 /* Release */ = {
			isa = XCBuildConfiguration;
			buildSettings = {
				ALWAYS_SEARCH_USER_PATHS = NO;
				ARCHS = "$(ARCHS_STANDARD_64_BIT)";
				CLANG_CXX_LANGUAGE_STANDARD = "gnu++0x";
				CLANG_CXX_LIBRARY = "libc++";
				CLANG_WARN_CONSTANT_CONVERSION = YES;
				CLANG_WARN_EMPTY_BODY = YES;
				CLANG_WARN_ENUM_CONVERSION = YES;
				CLANG_WARN_INT_CONVERSION = YES;
				CLANG_WARN__DUPLICATE_METHOD_MATCH = YES;
				COPY_PHASE_STRIP = YES;
				DEBUG_INFORMATION_FORMAT = "dwarf-with-dsym";
				GCC_C_LANGUAGE_STANDARD = gnu99;
				GCC_ENABLE_OBJC_EXCEPTIONS = YES;
				GCC_WARN_64_TO_32_BIT_CONVERSION = YES;
				GCC_WARN_ABOUT_RETURN_TYPE = YES;
				GCC_WARN_UNINITIALIZED_AUTOS = YES;
				GCC_WARN_UNUSED_VARIABLE = YES;
				MACOSX_DEPLOYMENT_TARGET = 10.8;
				SDKROOT = macosx;
			};
			name = Release;
		};
		689B12E1172F8E6500972582 /* Debug */ = {
			isa = XCBuildConfiguration;
			buildSettings = {
				ALWAYS_SEARCH_USER_PATHS = NO;
				COMBINE_HIDPI_IMAGES = YES;
				GCC_PRECOMPILE_PREFIX_HEADER = YES;
				GCC_PREFIX_HEADER = "ecg/ecg-Prefix.pch";
				GCC_PREPROCESSOR_DEFINITIONS = (
					"$(inherited)",
					PUGIXML_NO_STL,
				);
				HEADER_SEARCH_PATHS = (
					$SRCROOT/common/include,
					$SRCROOT/framework/include,
					$SRCROOT/glsl_compiler/include,
					$SRCROOT/gui/include,
					$SRCROOT/renderer/include,
					$SRCROOT/math/include,
					$SRCROOT/mesh/include,
					$SRCROOT/passes/include,
					$SRCROOT/media/include,
					"$SRCROOT/dependencies/libpng-1.5.4/config",
					"$SRCROOT/dependencies/libpng-1.5.4/include",
					"$SRCROOT/dependencies/freetype-2.4.10/include",
					"$SRCROOT/dependencies/pugi-1.0",
					$SRCROOT/input/include,
					$SRCROOT/utilities/include,
				);
				INFOPLIST_FILE = "ecg/ecg-Info.plist";
				LIBRARY_SEARCH_PATHS = (
					"$(inherited)",
					"\"$(SRCROOT)\"",
					"\"$(SRCROOT)/dependencies/freetype-2.4.11\"",
				);
				OTHER_LDFLAGS = "";
				PRODUCT_NAME = "$(TARGET_NAME)";
				WRAPPER_EXTENSION = app;
			};
			name = Debug;
		};
		689B12E2172F8E6500972582 /* Release */ = {
			isa = XCBuildConfiguration;
			buildSettings = {
				ALWAYS_SEARCH_USER_PATHS = NO;
				COMBINE_HIDPI_IMAGES = YES;
				GCC_PRECOMPILE_PREFIX_HEADER = YES;
				GCC_PREFIX_HEADER = "ecg/ecg-Prefix.pch";
				GCC_PREPROCESSOR_DEFINITIONS = PUGIXML_NO_STL;
				HEADER_SEARCH_PATHS = (
					$SRCROOT/common/include,
					$SRCROOT/framework/include,
					$SRCROOT/glsl_compiler/include,
					$SRCROOT/gui/include,
					$SRCROOT/renderer/include,
					$SRCROOT/math/include,
					$SRCROOT/mesh/include,
					$SRCROOT/passes/include,
					$SRCROOT/media/include,
					"$SRCROOT/dependencies/libpng-1.5.4/config",
					"$SRCROOT/dependencies/libpng-1.5.4/include",
					"$SRCROOT/dependencies/freetype-2.4.10/include",
					"$SRCROOT/dependencies/pugi-1.0",
					$SRCROOT/input/include,
					$SRCROOT/utilities/include,
				);
				INFOPLIST_FILE = "ecg/ecg-Info.plist";
				LIBRARY_SEARCH_PATHS = (
					"$(inherited)",
					"\"$(SRCROOT)\"",
					"\"$(SRCROOT)/dependencies/freetype-2.4.11\"",
				);
				OTHER_LDFLAGS = "";
				PRODUCT_NAME = "$(TARGET_NAME)";
				WRAPPER_EXTENSION = app;
			};
			name = Release;
		};
/* End XCBuildConfiguration section */

/* Begin XCConfigurationList section */
		689B12BE172F8E6500972582 /* Build configuration list for PBXProject "ecg" */ = {
			isa = XCConfigurationList;
			buildConfigurations = (
				689B12DE172F8E6500972582 /* Debug */,
				689B12DF172F8E6500972582 /* Release */,
			);
			defaultConfigurationIsVisible = 0;
			defaultConfigurationName = Release;
		};
		689B12E0172F8E6500972582 /* Build configuration list for PBXNativeTarget "ecg" */ = {
			isa = XCConfigurationList;
			buildConfigurations = (
				689B12E1172F8E6500972582 /* Debug */,
				689B12E2172F8E6500972582 /* Release */,
			);
			defaultConfigurationIsVisible = 0;
			defaultConfigurationName = Release;
		};
/* End XCConfigurationList section */
	};
	rootObject = 689B12BB172F8E6500972582 /* Project object */;
}
